crawshaw.io/sqlite v0.3.3-0.20220618202545-d1964889ea3c h1:wvzox0eLO6CKQAMcOqz7oH3UFqMpMmK7kwmwV+22HIs=
github.com/RoaringBitmap/roaring v1.2.3 h1:yqreLINqIrX22ErkKI0vY47/ivtJr6n+kMhVOVmhWBY=
github.com/VictoriaMetrics/fastcache v1.12.1 h1:i0mICQuojGDL3KblA7wUNlY5lOK6a4bwt3uRKnkZU40=
github.com/VictoriaMetrics/metrics v1.23.1 h1:/j8DzeJBxSpL2qSIdqnRFLvQQhbJyJbbEi22yMm7oL0=
github.com/VictoriaMetrics/metrics v1.23.1/go.mod h1:rAr/llLpEnAdTehiNlUxKgnjcOuROSzpw0GvjpEbvFc=
github.com/ajwerner/btree v0.0.0-20211221152037-f427b3e689c0 h1:byYvvbfSo3+9efR4IeReh77gVs4PnNDR3AMOE9NJ7a0=
github.com/alecthomas/atomic v0.1.0-alpha2 h1:dqwXmax66gXvHhsOS4pGPZKqYOlTkapELkLb3MNdlH8=
github.com/anacrolix/chansync v0.3.0 h1:lRu9tbeuw3wl+PhMu/r+JJCRu5ArFXIluOgdF0ao6/U=
github.com/anacrolix/dht/v2 v2.19.2-0.20221121215055-066ad8494444 h1:8V0K09lrGoeT2KRJNOtspA7q+OMxGwQqK/Ug0IiaaRE=
github.com/anacrolix/envpprof v1.2.1 h1:25TJe6t/i0AfzzldiGFKCpD+s+dk8lONBcacJZB2rdE=
github.com/anacrolix/generics v0.0.0-20220618083756-f99e35403a60 h1:k4/h2B1gGF+PJGyGHxs8nmHHt1pzWXZWBj6jn4OBlRc=
github.com/anacrolix/go-libutp v1.2.0 h1:sjxoB+/ARiKUR7IK/6wLWyADIBqGmu1fm0xo+8Yy7u0=
github.com/anacrolix/log v0.13.2-0.20221123232138-02e2764801c3 h1:qDcPnH18SanNZMeMuEjzKpB3NQGR1ahytV08KOhZhNo=
github.com/anacrolix/missinggo v1.3.0 h1:06HlMsudotL7BAELRZs0yDZ4yVXsHXGi323QBjAVASw=
github.com/anacrolix/missinggo/perf v1.0.0 h1:7ZOGYziGEBytW49+KmYGTaNfnwUqP1HBsy6BqESAJVw=
github.com/anacrolix/missinggo/v2 v2.7.1 h1:Y+wL0JC6D2icpwhDpcrRM4THQB/uFcPNYUtZMbYvQgI=
github.com/anacrolix/mmsg v1.0.0 h1:btC7YLjOn29aTUAExJiVUhQOuf/8rhm+/nWCMAnL3Hg=
github.com/anacrolix/multiless v0.3.0 h1:5Bu0DZncjE4e06b9r1Ap2tUY4Au0NToBP5RpuEngSis=
github.com/anacrolix/stm v0.4.0 h1:tOGvuFwaBjeu1u9X1eIh9TX8OEedEiEQ1se1FjhFnXY=
github.com/anacrolix/sync v0.4.0 h1:T+MdO/u87ir/ijWsTFsPYw5jVm0SMm4kVpg8t4KF38o=
github.com/anacrolix/torrent v1.48.1-0.20230219022425-e8971ea0f1bf h1:gQCApNMI+lbXYLRiiiC5S2mU9k2BZT9FNnRr//eUzXc=
github.com/anacrolix/upnp v0.1.3-0.20220123035249-922794e51c96 h1:QAVZ3pN/J4/UziniAhJR2OZ9Ox5kOY2053tBbbqUPYA=
github.com/anacrolix/utp v0.1.0 h1:FOpQOmIwYsnENnz7tAGohA+r6iXpRjrq8ssKSre2Cp4=
github.com/bahlo/generic-list-go v0.2.0 h1:5sz/EEAK+ls5wF+NeqDpk5+iNdMDXrh3z3nPnH1Wvgk=
github.com/benbjohnson/immutable v0.3.0 h1:TVRhuZx2wG9SZ0LRdqlbs9S5BZ6Y24hJEHTCgWHZEIw=
github.com/benesch/cgosymbolizer v0.0.0-20190515212042-bec6fe6e597b h1:5JgaFtHFRnOPReItxvhMDXbvuBkjSWE+9glJyF466yw=
github.com/bits-and-blooms/bitset v1.2.2 h1:J5gbX05GpMdBjCvQ9MteIg2KKDExr7DrgK+Yc15FvIk=
github.com/bradfitz/iter v0.0.0-20191230175014-e8f45d346db8 h1:GKTyiRCL6zVf5wWaqKnf+7Qs6GbEPfd4iMOitWzXJx8=
github.com/btcsuite/btcd/btcec/v2 v2.2.0 h1:fzn1qaOt32TuLjFlkzYSsBC35Q3KUjT1SwPxiMSCF5k=
github.com/btcsuite/btcd/btcec/v2 v2.2.0/go.mod h1:U7MHm051Al6XmscBQ0BoNydpOTsFAn707034b5nY8zU=
github.com/btcsuite/btcd/chaincfg/chainhash v1.0.1 h1:q0rUy8C/TYNBQS1+CGKw68tLOFYSNEs0TFnxxnS9+4U=
github.com/c2h5oh/datasize v0.0.0-20220606134207-859f65c6625b h1:6+ZFm0flnudZzdSE0JxlhR2hKnGPcNB35BjQf4RYQDY=
github.com/cespare/xxhash/v2 v2.2.0 h1:DC2CZ1Ep5Y4k3ZQ899DldepgrayRUGE6BBZ/cd9Cj44=
github.com/consensys/bavard v0.1.13 h1:oLhMLOFGTLdlda/kma4VOJazblc7IM5y5QPd2A/YjhQ=
github.com/consensys/bavard v0.1.13/go.mod h1:9ItSMtA/dXMAiL7BG6bqW2m3NdSEObYWoH223nGHukI=
github.com/consensys/gnark-crypto v0.9.0 h1:xspjHTygkgHmX4Behn00VJUTfEGvs+e6lFlfERfA28E=
github.com/consensys/gnark-crypto v0.9.0/go.mod h1:CkbdF9hbRidRJYMRzmfX8TMOr95I2pYXRHF18MzRrvA=
github.com/cpuguy83/go-md2man/v2 v2.0.2 h1:p1EgwI/C7NhT0JmVkwCD2ZBK8j4aeHQX2pMHHBfMQ6w=
github.com/crate-crypto/go-ipa v0.0.0-20221111143132-9aa5d42120bc h1:mtR7MuscVeP/s0/ERWA2uSr5QOrRYy1pdvZqG1USfXI=
github.com/crate-crypto/go-ipa v0.0.0-20221111143132-9aa5d42120bc/go.mod h1:gFnFS95y8HstDP6P9pPwzrxOOC5TRDkwbM+ao15ChAI=
github.com/crate-crypto/go-kzg-4844 v0.0.0-20230405223534-4364e2f9d209 h1:OnTdosxWDRxchZa7uOT8zz1sm3TZQdCiqtj69wYGnH8=
github.com/crate-crypto/go-kzg-4844 v0.0.0-20230405223534-4364e2f9d209/go.mod h1:bsF9NlLDLBdRmnU0hiImPGjwoDSrjLRXKAP9vVT6IsI=
github.com/davecgh/go-spew v1.1.0/go.mod h1:J7Y8YcW2NihsgmVo/mv3lAwl/skON4iLHjSsI+c5H38=
github.com/davecgh/go-spew v1.1.1 h1:vj9j/u1bqnvCEfJOwUhtlOARqs3+rkHYY13jYWTU97c=
github.com/davecgh/go-spew v1.1.1/go.mod h1:J7Y8YcW2NihsgmVo/mv3lAwl/skON4iLHjSsI+c5H38=
github.com/deckarep/golang-set v1.8.0 h1:sk9/l/KqpunDwP7pSjUg0keiOOLEnOBHzykLrsPppp4=
github.com/deckarep/golang-set/v2 v2.3.0 h1:qs18EKUfHm2X9fA50Mr/M5hccg2tNnVqsiBImnyDs0g=
github.com/decred/dcrd/crypto/blake256 v1.0.0 h1:/8DMNYp9SGi5f0w7uCm6d6M4OU2rGFK09Y2A4Xv7EE0=
github.com/decred/dcrd/dcrec/secp256k1/v4 v4.1.0 h1:HbphB4TFFXpv7MNrT52FGrrgVXF1owhMVTHFZIlnvd4=
github.com/decred/dcrd/dcrec/secp256k1/v4 v4.1.0/go.mod h1:DZGJHZMqrU4JJqFAWUS2UO1+lbSKsdiOoYi9Zzey7Fc=
github.com/dustin/go-humanize v1.0.1 h1:GzkhY7T5VNhEkwH0PVJgjz+fX1rhBrR7pRT3mDkpeCY=
github.com/edsrzf/mmap-go v1.1.0 h1:6EUwBLQ/Mcr1EYLE4Tn1VdW1A4ckqCQWZBw8Hr0kjpQ=
github.com/emicklei/dot v1.4.2 h1:UbK6gX4yvrpHKlxuUQicwoAis4zl8Dzwit9SnbBAXWw=
github.com/emirpasic/gods v1.18.1 h1:FXtiHYKDGKCW2KzwZKx0iC0PQmdlorYgdFG9jPXJ1Bc=
github.com/ethereum/go-ethereum v1.10.25 h1:5dFrKJDnYf8L6/5o42abCE6a9yJm9cs4EJVRyYMr55s=
github.com/ethereum/go-ethereum v1.10.25/go.mod h1:EYFyF19u3ezGLD4RqOkLq+ZCXzYbLoNDdZlMt7kyKFg=
github.com/fjl/gencodec v0.0.0-20220412091415-8bb9e558978c h1:CndMRAH4JIwxbW8KYq6Q+cGWcGHz0FjGR3QqcInWcW0=
github.com/fjl/gencodec v0.0.0-20220412091415-8bb9e558978c/go.mod h1:AzA8Lj6YtixmJWL+wkKoBGsLWy9gFrAzi4g+5bCKwpY=
github.com/garslo/gogen v0.0.0-20170307003452-d6ebae628c7c h1:uYNKzPntb8c6DKvP9EfrBjkLkU7pM4lM+uuHSIa8UtU=
github.com/garslo/gogen v0.0.0-20170307003452-d6ebae628c7c/go.mod h1:Q0X6pkwTILDlzrGEckF6HKjXe48EgsY/l7K7vhY4MW8=
github.com/gballet/go-verkle v0.0.0-20221121182333-31427a1f2d35 h1:I8QswD9gf3VEpr7bpepKKOm7ChxFITIG+oc1I5/S0no=
github.com/gballet/go-verkle v0.0.0-20221121182333-31427a1f2d35/go.mod h1:DMDd04jjQgdynaAwbEgiRERIGpC8fDjx0+y06an7Psg=
github.com/go-logr/logr v1.2.3 h1:2DntVwHkVopvECVRSlL5PSo9eG+cAkDCuckLubN+rq0=
github.com/go-logr/stdr v1.2.2 h1:hSWxHoqTgW2S2qGc0LTAI563KZ5YKYRhT3MFKZMbjag=
github.com/go-ole/go-ole v1.2.6 h1:/Fpf6oFPoeFik9ty7siob0G6Ke8QvQEuVcuChpwXzpY=
github.com/go-stack/stack v1.8.1 h1:ntEHSVwIt7PNXNpgPmVfMrNhLtgjlmnZha2kOpuRiDw=
github.com/go-stack/stack v1.8.1/go.mod h1:dcoOX6HbPZSZptuspn9bctJ+N/CnF5gGygcUP3XYfe4=
github.com/goccy/go-json v0.9.11 h1:/pAaQDLHEoCq/5FFmSKBswWmK6H0e8g4159Kc/X/nqk=
github.com/gofrs/flock v0.8.1 h1:+gYjHKf32LDeiEEFhQaotPbLuUXjY5ZqxKgXy7n59aw=
github.com/golang-jwt/jwt/v4 v4.5.0 h1:7cYmW1XlMY7h7ii7UhUyChSgS5wUJEnm9uZVTGqOWzg=
github.com/golang/mock v1.6.0 h1:ErTB+efbowRARo13NNdxyJji2egdxLGQhRaY+DUumQc=
github.com/golang/protobuf v1.5.0/go.mod h1:FsONVRAS9T7sI+LIUmWTfcYkHO4aIWwzhcaSAoJOfIk=
github.com/golang/protobuf v1.5.3 h1:KhyjKVUg7Usr/dYsdSqoFveMYd5ko72D+zANwlG1mmg=
github.com/golang/snappy v0.0.5-0.20220116011046-fa5810519dcb h1:PBC98N2aIaM3XXiurYmW7fx4GZkL8feAMVq7nEjURHk=
github.com/golang/snappy v0.0.5-0.20220116011046-fa5810519dcb/go.mod h1:/XxbfmMg8lxefKM7IXC3fBNl/7bRcc72aCRzEWrmP2Q=
github.com/google/btree v1.1.2 h1:xf4v41cLI2Z6FxbKm+8Bu+m8ifhj15JuZ9sa0jZCMUU=
github.com/google/go-cmp v0.5.5/go.mod h1:v8dTdLbMG2kIc/vJvl+f65V22dbkXbowE6jgT/gNBxE=
github.com/google/go-cmp v0.5.8 h1:e6P7q2lk1O+qJJb4BtCQXlK8vWEO8V1ZeuEdJNOqZyg=
github.com/google/subcommands v1.2.0/go.mod h1:ZjhPrFU+Olkh9WazFPsl27BQ4UPiG37m3yTrtFlrHVk=
github.com/google/uuid v1.3.0 h1:t6JiXgmwXMjEs8VusXIJk2BXHsn+wx8BZdTaoZ5fu7I=
github.com/gorilla/websocket v1.5.0 h1:PPwGk2jz7EePpoHN/+ClbZu8SPxiqlu12wZP/3sWmnc=
github.com/grpc-ecosystem/go-grpc-middleware v1.4.0 h1:UH//fgunKIs4JdUbpDl1VZCDaL56wXCB/5+wF6uHfaI=
github.com/hashicorp/golang-lru v0.5.5-0.20210104140557-80c98217689d h1:dg1dEPuWpEqDnvIw251EVy4zlP8gWbsGj4BsUKCRpYs=
github.com/hashicorp/golang-lru/v2 v2.0.2 h1:Dwmkdr5Nc/oBiXgJS3CDHNhJtIHkuZ3DZF5twqnfBdU=
github.com/holiman/uint256 v1.2.0/go.mod h1:y4ga/t+u+Xwd7CpDgZESaRcWy0I7XMlTMA25ApIH5Jw=
github.com/holiman/uint256 v1.2.2 h1:TXKcSGc2WaxPD2+bmzAsVthL4+pEN0YwXcL5qED83vk=
github.com/holiman/uint256 v1.2.2/go.mod h1:SC8Ryt4n+UBbPbIBKaG9zbbDlp4jOru9xFZmPzLUTxw=
github.com/hpcloud/tail v1.0.0 h1:nfCOvKYfkgYP8hkirhJocXT2+zOD8yUNjXaWfTlyFKI=
github.com/hpcloud/tail v1.0.0/go.mod h1:ab1qPbhIpdTxEkNHXyeSf5vhxWSCs/tWer42PpOxQnU=
github.com/huandu/xstrings v1.4.0 h1:D17IlohoQq4UcpqD7fDk80P7l+lwAmlFaBHgOipl2FU=
github.com/huin/goupnp v1.1.0 h1:gEe0Dp/lZmPZiDFzJJaOfUpOvv2MKUkoBX8lDrn9vKU=
github.com/ianlancetaylor/cgosymbolizer v0.0.0-20220405231054-a1ae3e4bba26 h1:UT3hQ6+5hwqUT83cKhKlY5I0W/kqsl6lpn3iFb3Gtqs=
github.com/inconshreveable/mousetrap v1.1.0 h1:wN+x4NVGpMsO7ErUn/mUI3vEoE6Jt13X2s0bqwp9tc8=
github.com/jackpal/go-nat-pmp v1.0.2 h1:KzKSgb7qkJvOUTqYl9/Hg/me3pWgBmERKrTGD7BdWus=
github.com/json-iterator/go v1.1.12 h1:PV8peI4a0ysnczrg+LtxykD8LfKY9ML6u2jnxaEnrnM=
github.com/kevinburke/go-bindata v3.21.0+incompatible h1:baK7hwFJDlAHrOqmE9U3u8tow1Uc5ihN9E/b7djcK2g=
github.com/kevinburke/go-bindata v3.21.0+incompatible/go.mod h1:/pEEZ72flUW2p0yi30bslSp9YqD9pysLxunQDdb2CPM=
github.com/klauspost/cpuid/v2 v2.2.4 h1:acbojRNwl3o09bUq+yDCtZFc1aiwaAAxtcn8YkZXnvk=
github.com/klauspost/cpuid/v2 v2.2.4/go.mod h1:RVVoqg1df56z8g3pUjL/3lE5UfnlrJX8tyFgg4nqhuY=
github.com/kr/pretty v0.3.1 h1:flRD4NNwYAUpkphVc1HcthR4KEIFJ65n8Mw5qdRn3LE=
github.com/kr/text v0.2.0 h1:5Nx0Ya0ZqY2ygV366QzturHI13Jq95ApcVaJBhpS+AY=
github.com/kylelemons/godebug v1.1.0 h1:RPNrshWIDI6G2gRW9EHilWtl7Z6Sb1BR0xunSBf0SNc=
github.com/leanovate/gopter v0.2.9 h1:fQjYxZaynp97ozCzfOyOuAGOU4aU/z37zf/tOujFk7c=
github.com/leanovate/gopter v0.2.9/go.mod h1:U2L/78B+KVFIx2VmW6onHJQzXtFb+p5y3y2Sh+Jxxv8=
github.com/ledgerwatch/erigon-snapshot v1.1.1-0.20230404044759-5dec854ce336 h1:Yxmt4Wyd0RCLr7UJJAl0ApCP/f5qkWfvHfgPbnI8ghM=
github.com/ledgerwatch/log/v3 v3.7.0 h1:aFPEZdwZx4jzA3+/Pf8wNDN5tCI0cIolq/kfvgcM+og=
github.com/ledgerwatch/log/v3 v3.7.0/go.mod h1:J2Jl6zV/58LeA6LTaVVnCGyf1/cYYSEOOLHY4ZN8S2A=
github.com/ledgerwatch/secp256k1 v1.0.0 h1:Usvz87YoTG0uePIV8woOof5cQnLXGYa162rFf3YnwaQ=
github.com/ledgerwatch/secp256k1 v1.0.0/go.mod h1:SPmqJFciiF/Q0mPt2jVs2dTr/1TZBTIA+kPMmKgBAak=
github.com/lispad/go-generics-tools v1.1.0 h1:mbSgcxdFVmpoyso1X/MJHXbSbSL3dD+qhRryyxk+/XY=
github.com/lufia/plan9stats v0.0.0-20211012122336-39d0f177ccd0 h1:6E+4a0GO5zZEnZ81pIr0yLvtUWk2if982qA3F3QD6H4=
github.com/maticnetwork/polyproto v0.0.2 h1:cPxuxbIDItdwGnucc3lZB58U8Zfe1mH73PWTGd15554=
github.com/mattn/go-colorable v0.1.13 h1:fFA4WZxdEF4tXPZVKMLwD8oUnCTTo08duU7wxecdEvA=
github.com/mattn/go-colorable v0.1.13/go.mod h1:7S9/ev0klgBDR4GtXTXX8a3vIGJpMovkB8vQcUbaXHg=
github.com/mattn/go-isatty v0.0.16/go.mod h1:kYGgaQfpe5nmfYZH+SKPsOc2e4SrIfOl2e/yFXSvRLM=
github.com/mattn/go-isatty v0.0.17/go.mod h1:kYGgaQfpe5nmfYZH+SKPsOc2e4SrIfOl2e/yFXSvRLM=
github.com/mattn/go-isatty v0.0.18 h1:DOKFKCQ7FNG2L1rbrmstDN4QVRdS89Nkh85u68Uwp98=
github.com/mattn/go-isatty v0.0.18/go.mod h1:W+V8PltTTMOvKvAeJH7IuucS94S2C6jfK/D7dTCTo3Y=
github.com/minio/sha256-simd v1.0.0 h1:v1ta+49hkWZyvaKwrQB8elexRqm6Y0aMLjCNsrYxo6g=
github.com/mmcloughlin/addchain v0.4.0 h1:SobOdjm2xLj1KkXN5/n0xTIWyZA2+s99UCY1iPfkHRY=
github.com/mmcloughlin/addchain v0.4.0/go.mod h1:A86O+tHqZLMNO4w6ZZ4FlVQEadcoqkyU72HC5wJ4RlU=
github.com/mmcloughlin/profile v0.1.1/go.mod h1:IhHD7q1ooxgwTgjxQYkACGA77oFTDdFVejUS1/tS/qU=
github.com/modern-go/concurrent v0.0.0-20180306012644-bacd9c7ef1dd h1:TRLaZ9cD/w8PVh93nsPXa1VrQ6jlwL5oN8l14QlcNfg=
github.com/modern-go/reflect2 v1.0.2 h1:xBagoLtFs94CBntxluKeaWgTMpvLxC4ur3nMaC9Gz0M=
github.com/mschoch/smat v0.2.0 h1:8imxQsjDm8yFEAVBe7azKmKSgzSkZXDuKkSq9374khM=
github.com/onsi/ginkgo v1.10.3 h1:OoxbjfXVZyod1fmWYhI7SEyaD8B00ynP3T+D5GiyHOY=
github.com/onsi/gomega v1.7.1 h1:K0jcRCwNQM3vFGh1ppMtDh/+7ApJrjldlX8fA0jDTLQ=
github.com/pbnjay/memory v0.0.0-20210728143218-7b4eea64cf58 h1:onHthvaw9LFnH4t2DcNVpwGmV9E1BkGknEliJkfwQj0=
github.com/pelletier/go-toml v1.9.5 h1:4yBQzkHv+7BHq2PQUZF3Mx0IYxG7LsP222s7Agd3ve8=
github.com/pelletier/go-toml/v2 v2.0.7 h1:muncTPStnKRos5dpVKULv2FVd4bMOhNePj9CjgDb8Us=
github.com/pion/datachannel v1.5.2 h1:piB93s8LGmbECrpO84DnkIVWasRMk3IimbcXkTQLE6E=
github.com/pion/dtls/v2 v2.2.4 h1:YSfYwDQgrxMYXLBc/m7PFY5BVtWlNm/DN4qoU2CbcWg=
github.com/pion/ice/v2 v2.2.6 h1:R/vaLlI1J2gCx141L5PEwtuGAGcyS6e7E0hDeJFq5Ig=
github.com/pion/interceptor v0.1.11 h1:00U6OlqxA3FFB50HSg25J/8cWi7P6FbSzw4eFn24Bvs=
github.com/pion/logging v0.2.2 h1:M9+AIj/+pxNsDfAT64+MAVgJO0rsyLnoJKCqf//DoeY=
github.com/pion/mdns v0.0.5 h1:Q2oj/JB3NqfzY9xGZ1fPzZzK7sDSD8rZPOvcIQ10BCw=
github.com/pion/randutil v0.1.0 h1:CFG1UdESneORglEsnimhUjf33Rwjubwj6xfiOXBa3mA=
github.com/pion/rtcp v1.2.9 h1:1ujStwg++IOLIEoOiIQ2s+qBuJ1VN81KW+9pMPsif+U=
github.com/pion/rtp v1.7.13 h1:qcHwlmtiI50t1XivvoawdCGTP4Uiypzfrsap+bijcoA=
github.com/pion/sctp v1.8.2 h1:yBBCIrUMJ4yFICL3RIvR4eh/H2BTTvlligmSTy+3kiA=
github.com/pion/sdp/v3 v3.0.5 h1:ouvI7IgGl+V4CrqskVtr3AaTrPvPisEOxwgpdktctkU=
github.com/pion/srtp/v2 v2.0.9 h1:JJq3jClmDFBPX/F5roEb0U19jSU7eUhyDqR/NZ34EKQ=
github.com/pion/stun v0.4.0 h1:vgRrbBE2htWHy7l3Zsxckk7rkjnjOsSM7PHZnBwo8rk=
github.com/pion/transport v0.13.1 h1:/UH5yLeQtwm2VZIPjxwnNFxjS4DFhyLfS4GlfuKUzfA=
github.com/pion/transport/v2 v2.0.0 h1:bsMYyqHCbkvHwj+eNCFBuxtlKndKfyGI2vaQmM3fIE4=
github.com/pion/turn/v2 v2.0.8 h1:KEstL92OUN3k5k8qxsXHpr7WWfrdp7iJZHx99ud8muw=
github.com/pion/udp v0.1.4 h1:OowsTmu1Od3sD6i3fQUJxJn2fEvJO6L1TidgadtbTI8=
github.com/pion/webrtc/v3 v3.1.42 h1:wJEQFIXVanptnQcHOLTuIo4AtGB2+mG2x4OhIhnITOA=
github.com/pkg/errors v0.9.1 h1:FEBLx1zS214owpjy7qsBeixbURkuhQAwrK5UwLGTwt4=
github.com/pmezard/go-difflib v1.0.0 h1:4DBwDE0NGyQoBHbLQYPwSUPoCMWR5BEzIk/f1lZbAQM=
github.com/pmezard/go-difflib v1.0.0/go.mod h1:iKH77koFhYxTK1pcRnkKkqfTogsbg7gZNVY4sRDYZ/4=
github.com/power-devops/perfstat v0.0.0-20210106213030-5aafc221ea8c h1:ncq/mPwQF4JjgDlrVEn3C11VoGHZN7m8qihwgMEtzYw=
github.com/protolambda/ztyp v0.2.2 h1:rVcL3vBu9W/aV646zF6caLS/dyn9BN8NYiuJzicLNyY=
github.com/protolambda/ztyp v0.2.2/go.mod h1:9bYgKGqg3wJqT9ac1gI2hnVb0STQq7p/1lapqrqY1dU=
github.com/prysmaticlabs/gohashtree v0.0.3-alpha h1:1EVinCWdb3Lorq7xn8DYQHf48nCcdAM3Vb18KsFlRWY=
github.com/prysmaticlabs/gohashtree v0.0.3-alpha/go.mod h1:4pWaT30XoEx1j8KNJf3TV+E3mQkaufn7mf+jRNb/Fuk=
github.com/quasilyte/go-ruleguard/dsl v0.3.22 h1:wd8zkOhSNr+I+8Qeciml08ivDt1pSXe60+5DqOpCjPE=
github.com/quasilyte/go-ruleguard/dsl v0.3.22/go.mod h1:KeCP03KrjuSO0H1kTuZQCWlQPulDV6YMIXmpQss17rU=
github.com/rogpeppe/go-internal v1.9.0 h1:73kH8U+JUqXU8lRuOHeVHaa/SZPifC7BkcraZVejAe8=
github.com/rs/cors v1.9.0 h1:l9HGsTsHJcvW14Nk7J9KFz8bzeAWXn3CG6bgt7LsrAE=
github.com/rs/dnscache v0.0.0-20211102005908-e0241e321417 h1:Lt9DzQALzHoDwMBGJ6v8ObDPR0dzr2a6sXTB1Fq7IHs=
github.com/russross/blackfriday/v2 v2.1.0 h1:JIOH55/0cWyOuilr9/qlrm0BSXldqnqwMsf35Ld67mk=
github.com/shirou/gopsutil v3.21.4-0.20210419000835-c7a38de76ee5+incompatible h1:Bn1aCHHRnjv4Bl16T8rcaFjYSrGrIZvpiGO6P3Q4GpU=
github.com/shirou/gopsutil/v3 v3.23.3 h1:Syt5vVZXUDXPEXpIBt5ziWsJ4LdSAAxF4l/xZeQgSEE=
github.com/shoenig/go-m1cpu v0.1.4 h1:SZPIgRM2sEF9NJy50mRHu9PKGwxyyTTJIWvCtgVbozs=
github.com/spaolacci/murmur3 v1.1.0 h1:7c1g84S4BPRrfL5Xrdp6fOJ206sU9y293DDHaoy0bLI=
github.com/spf13/cobra v1.7.0 h1:hyqWnYt1ZQShIddO5kBpj3vu05/++x6tJ6dg8EC572I=
github.com/spf13/pflag v1.0.5 h1:iy+VFUOCP1a+8yFto/drg2CJ5u0yRoB7fZw3DKv/JXA=
github.com/stretchr/objx v0.1.0/go.mod h1:HFkY916IF+rwdDfMAkV7OtwuqBVzrE8GR6GFx+wExME=
github.com/stretchr/objx v0.4.0/go.mod h1:YvHI0jy2hoMjB+UWwv71VJQ9isScKT/TqJzVSSt89Yw=
github.com/stretchr/objx v0.5.0/go.mod h1:Yh+to48EsGEfYuaHDzXPcE3xhTkx73EhmCGUpEOglKo=
github.com/stretchr/testify v1.7.1/go.mod h1:6Fq8oRcR53rry900zMqJjRRixrwX3KX962/h/Wwjteg=
github.com/stretchr/testify v1.8.0/go.mod h1:yNjHg4UonilssWZ8iaSj1OCr/vHnekPRkoO+kdMU+MU=
github.com/stretchr/testify v1.8.2 h1:+h33VjcLVPDHtOdpUCuF+7gSuG3yGIftsP1YvFihtJ8=
github.com/stretchr/testify v1.8.2/go.mod h1:w2LPCIKwWwSfY2zedu0+kehJoqGctiVI29o6fzry7u4=
github.com/thomaso-mirodin/intmath v0.0.0-20160323211736-5dc6d854e46e h1:cR8/SYRgyQCt5cNCMniB/ZScMkhI9nk8U5C7SbISXjo=
github.com/thomaso-mirodin/intmath v0.0.0-20160323211736-5dc6d854e46e/go.mod h1:Tu4lItkATkonrYuvtVjG0/rhy15qrNGNTjPdaphtZ/8=
github.com/tidwall/btree v1.6.0 h1:LDZfKfQIBHGHWSwckhXI0RPSXzlo+KYdjK7FWSqOzzg=
github.com/tklauser/go-sysconf v0.3.11 h1:89WgdJhk5SNwJfu+GKyYveZ4IaJ7xAkecBo+KdJV0CM=
github.com/tklauser/numcpus v0.6.0 h1:kebhY2Qt+3U6RNK7UqpYNA+tJ23IBEGKkB7JQBfDYms=
github.com/torquem-ch/mdbx-go v0.27.10 h1:iwb8Wn9gse4MEYIltAna+pxMPCY7hA1/5LLN/Qrcsx0=
github.com/torquem-ch/mdbx-go v0.27.10/go.mod h1:T2fsoJDVppxfAPTLd1svUgH1kpPmeXdPESmroSHcL1E=
github.com/ugorji/go v1.1.13/go.mod h1:jxau1n+/wyTGLQoCkjok9r5zFa/FxT6eI5HiHKQszjc=
github.com/ugorji/go/codec v1.1.13 h1:013LbFhocBoIqgHeIHKlV4JWYhqogATYWZhIcH0WHn4=
github.com/ugorji/go/codec v1.1.13/go.mod h1:oNVt3Dq+FO91WNQ/9JnHKQP2QJxTzoN7wCBFCq1OeuU=
github.com/ugorji/go/codec/codecgen v1.1.13 h1:rGpZ4Q63VcWA3DMBbIHvg+SQweUkfXBBa/f9X0W+tFg=
github.com/ugorji/go/codec/codecgen v1.1.13/go.mod h1:EhCxlc7Crov+HLygD4+hBCitXNrrGKRrRWj+pRsyJGg=
github.com/urfave/cli/v2 v2.25.1 h1:zw8dSP7ghX0Gmm8vugrs6q9Ku0wzweqPyshy+syu9Gw=
github.com/valyala/fastjson v1.6.4 h1:uAUNq9Z6ymTgGhcm0UynUAB6tlbakBrz6CQFax3BXVQ=
github.com/valyala/fastjson v1.6.4/go.mod h1:CLCAqky6SMuOcxStkYQvblddUtoRxhYMGLrsQns1aXY=
github.com/valyala/fastrand v1.1.0 h1:f+5HkLW4rsgzdNoleUOB69hyT9IlD2ZQh9GyDMfb5G8=
github.com/valyala/fastrand v1.1.0/go.mod h1:HWqCzkrkg6QXT8V2EXWvXCoow7vLwOFN002oeRzjapQ=
github.com/valyala/histogram v1.2.0 h1:wyYGAZZt3CpwUiIb9AU/Zbllg1llXyrtApRS815OLoQ=
github.com/valyala/histogram v1.2.0/go.mod h1:Hb4kBwb4UxsaNbbbh+RRz8ZR6pdodR57tzWUS3BUzXY=
github.com/xrash/smetrics v0.0.0-20201216005158-039620a65673 h1:bAn7/zixMGCfxrRTfdpNzjtPYqr8smhKouy9mxVdGPU=
github.com/xsleonard/go-merkle v1.1.0 h1:fHe1fuhJjGH22ZzVTAH0jqHLhTGhOq3wQjJN+8P0jQg=
github.com/yusufpapurcu/wmi v1.2.2 h1:KBNDSne4vP5mbSWnJbO+51IMOXJB67QiYCSBrubbPRg=
go.etcd.io/bbolt v1.3.6 h1:/ecaJf0sk1l4l6V4awd65v2C3ILy7MSj+s/x1ADCIMU=
go.opentelemetry.io/otel v1.8.0 h1:zcvBFizPbpa1q7FehvFiHbQwGzmPILebO0tyqIR5Djg=
go.opentelemetry.io/otel/trace v1.8.0 h1:cSy0DF9eGI5WIfNwZ1q2iUyGj00tGzP24dE1lOlHrfY=
golang.org/x/crypto v0.8.0 h1:pd9TJtTueMTVQXzk8E2XESSMQDj/U7OUu0PqJqPXQjQ=
golang.org/x/crypto v0.8.0/go.mod h1:mRqEX+O9/h5TFCrQhkgjo2yKi0yYA+9ecGkdQoHrywE=
golang.org/x/exp v0.0.0-20230321023759-10a507213a29 h1:ooxPy7fPvB4kwsA2h+iBNHkAbp/4JxTSwCmvdjEYmug=
golang.org/x/exp v0.0.0-20230321023759-10a507213a29/go.mod h1:CxIveKay+FTh1D0yPZemJVgC/95VzuuOLq5Qi4xnoYc=
golang.org/x/mod v0.10.0 h1:lFO9qtOdlre5W1jxS3r/4szv2/6iXxScdzjoBMXNhYk=
golang.org/x/mod v0.10.0/go.mod h1:iBbtSCu2XBx23ZKBPSOrRkjjQPZFPuis4dIYUhu/chs=
golang.org/x/net v0.9.0 h1:aWJ/m6xSmxWBx+V0XRHTlrYrPG56jKsLdTFmsSsCzOM=
golang.org/x/sync v0.1.0 h1:wsuoTGHzEhffawBOhz5CYhcrV4IdKZbEyZjBMuTp12o=
golang.org/x/sync v0.1.0/go.mod h1:RxMgew5VJxzue5/jJTE5uejpjVlOe/izrB70Jof72aM=
golang.org/x/sys v0.0.0-20211020174200-9d6173849985/go.mod h1:oPkhp1MJrh7nUepCBck5+mAzfO9JrbApNNgaTdGDITg=
golang.org/x/sys v0.0.0-20220704084225-05e143d24a9e/go.mod h1:oPkhp1MJrh7nUepCBck5+mAzfO9JrbApNNgaTdGDITg=
golang.org/x/sys v0.0.0-20220811171246-fbc7d0a398ab/go.mod h1:oPkhp1MJrh7nUepCBck5+mAzfO9JrbApNNgaTdGDITg=
golang.org/x/sys v0.3.0/go.mod h1:oPkhp1MJrh7nUepCBck5+mAzfO9JrbApNNgaTdGDITg=
golang.org/x/sys v0.6.0/go.mod h1:oPkhp1MJrh7nUepCBck5+mAzfO9JrbApNNgaTdGDITg=
golang.org/x/sys v0.7.0 h1:3jlCCIQZPdOYu1h8BkNvLz8Kgwtae2cagcG/VamtZRU=
golang.org/x/sys v0.7.0/go.mod h1:oPkhp1MJrh7nUepCBck5+mAzfO9JrbApNNgaTdGDITg=
golang.org/x/text v0.9.0 h1:2sjJmO8cDvYveuX97RDLsxlyUxLl+GHoLxBiRdHllBE=
golang.org/x/time v0.3.0 h1:rg5rLMjNzMS1RkNLzCG38eapWhnYLFYXDXj2gOlr8j4=
golang.org/x/tools v0.7.0 h1:W4OVu8VVOaIO0yzWMNdepAulS7YfoS3Zabrm8DOXXU4=
golang.org/x/tools v0.7.0/go.mod h1:4pg6aUX35JBAogB10C9AtvVL+qowtN4pT3CGSQex14s=
golang.org/x/xerrors v0.0.0-20191204190536-9bdfabe68543/go.mod h1:I/5z698sn9Ka8TeJc9MKroUUfqBBauWjQqLJ2OPfmY0=
google.golang.org/genproto v0.0.0-20230306155012-7f2fa6fef1f4 h1:DdoeryqhaXp1LtT/emMP1BRJPHHKFi5akj/nbx/zNTA=
google.golang.org/grpc v1.54.0 h1:EhTqbhiYeixwWQtAEZAxmV9MGqcjEU2mFx52xCzNyag=
google.golang.org/grpc/cmd/protoc-gen-go-grpc v1.3.0 h1:rNBFJjBCOgVr9pWD7rs/knKL4FRTKgpZmsRfV214zcA=
google.golang.org/grpc/cmd/protoc-gen-go-grpc v1.3.0/go.mod h1:Dk1tviKTvMCz5tvh7t+fh94dhmQVHuCt2OzJB3CTW9Y=
google.golang.org/protobuf v1.26.0-rc.1/go.mod h1:jlhhOSvTdKEhbULTjvd4ARK9grFBp09yW+WbY/TyQbw=
google.golang.org/protobuf v1.30.0 h1:kPPoIgf3TsEvrm0PFe15JQ+570QVxYzEvvHqChK+cng=
google.golang.org/protobuf v1.30.0/go.mod h1:HV8QOd/L58Z+nl8r43ehVNZIU/HEI6OcFqwMG9pJV4I=
gopkg.in/check.v1 v0.0.0-20161208181325-20d25e280405/go.mod h1:Co6ibVJAznAaIkqp8huTwlJQCZ016jof/cbN4VW5Yz0=
gopkg.in/check.v1 v1.0.0-20201130134442-10cb98267c6c h1:Hei/4ADfdWqJk1ZMxUNpqntNwaWcugrBjAiHlqqRiVk=
gopkg.in/fsnotify.v1 v1.4.7 h1:xOHLXZwVvI9hhs+cLKq5+I5onOuwQLhQwiu63xxlHs4=
gopkg.in/fsnotify.v1 v1.4.7/go.mod h1:Tz8NjZHkW78fSQdbUxIjBTcgA1z1m8ZHf0WmKUhAMys=
gopkg.in/natefinch/lumberjack.v2 v2.2.1 h1:bBRl1b0OH9s/DuPhuXpNl+VtCaJXFZ5/uEFST95x9zc=
gopkg.in/tomb.v1 v1.0.0-20141024135613-dd632973f1e7 h1:uRGJdciOHaEIrze2W8Q3AKkepLTh2hOroT7a+7czfdQ=
gopkg.in/yaml.v2 v2.4.0 h1:D8xgwECY7CYvx+Y2n4sBz93Jn9JRvxdiyyo8CTfuKaY=
gopkg.in/yaml.v3 v3.0.0-20200313102051-9f266ea9e77c/go.mod h1:K4uyk7z7BCEPqu6E+C64Yfv1cQ7kz7rIZviUmN+EgEM=
gopkg.in/yaml.v3 v3.0.1 h1:fxVm/GzAzEWqLHuvctI91KS9hhNmmWOoWu0XTYJS7CA=
gopkg.in/yaml.v3 v3.0.1/go.mod h1:K4uyk7z7BCEPqu6E+C64Yfv1cQ7kz7rIZviUmN+EgEM=
rsc.io/tmplfunc v0.0.3 h1:53XFQh69AfOa8Tw0Jm7t+GV7KZhOi6jzsCzTtKbMvzU=
rsc.io/tmplfunc v0.0.3/go.mod h1:AG3sTPzElb1Io3Yg4voV9AGZJuleGAwaVRxL9M49PhA=
