{
  "nodes": {
    "crane": {
      "locked": {
        "lastModified": 1760924934,
        "narHash": "sha256-tuuqY5aU7cUkR71sO2TraVKK2boYrdW3gCSXUkF4i44=",
        "owner": "ipetkov",
        "repo": "crane",
        "rev": "c6b4d5308293d0d04fcfeee92705017537cad02f",
        "type": "github"
      },
      "original": {
        "owner": "ipetkov",
        "repo": "crane",
        "type": "github"
      }
    },
    "fenix": {
      "inputs": {
        "nixpkgs": [
          "nixpkgs"
        ],
        "rust-analyzer-src": "rust-analyzer-src"
      },
      "locked": {
        "lastModified": 1761720242,
        "narHash": "sha256-Zi9nWw68oUDMVOhf/+Z97wVbNV2K7eEAGZugQKqU7xw=",
        "owner": "nix-community",
        "repo": "fenix",
        "rev": "8e4d32f4cc12b3f106af6e4515b36ac046a1ec91",
        "type": "github"
      },
      "original": {
        "owner": "nix-community",
        "repo": "fenix",
        "type": "github"
      }
    },
    "nixpkgs": {
      "locked": {
        "lastModified": 1731603435,
        "narHash": "sha256-CqCX4JG7UiHvkrBTpYC3wcEurvbtTADLbo3Ns2CEoL8=",
        "owner": "NixOS",
        "repo": "nixpkgs",
        "rev": "8b27c1239e5c421a2bbc2c65d52e4a6fbf2ff296",
        "type": "github"
      },
      "original": {
        "owner": "NixOS",
        "ref": "24.11",
        "repo": "nixpkgs",
        "type": "github"
      }
    },
    "root": {
      "inputs": {
        "crane": "crane",
        "fenix": "fenix",
        "nixpkgs": "nixpkgs",
        "utils": "utils"
      }
    },
    "rust-analyzer-src": {
      "flake": false,
      "locked": {
        "lastModified": 1761686505,
        "narHash": "sha256-jX6UrGS/hABDaM4jdx3+xgH3KCHP2zKHeTa8CD5myEo=",
        "owner": "rust-lang",
        "repo": "rust-analyzer",
        "rev": "d08d54f3c10dfa41033eb780c3bddb50e09d30fc",
        "type": "github"
      },
      "original": {
        "owner": "rust-lang",
        "ref": "nightly",
        "repo": "rust-analyzer",
        "type": "github"
      }
    },
    "systems": {
      "locked": {
        "lastModified": 1681028828,
        "narHash": "sha256-Vy1rq5AaRuLzOxct8nz4T6wlgyUR7zLU309k9mBC768=",
        "owner": "nix-systems",
        "repo": "default",
        "rev": "da67096a3b9bf56a91d16901293e51ba5b49a27e",
        "type": "github"
      },
      "original": {
        "owner": "nix-systems",
        "repo": "default",
        "type": "github"
      }
    },
    "utils": {
      "inputs": {
        "systems": "systems"
      },
      "locked": {
        "lastModified": 1731533236,
        "narHash": "sha256-l0KFg5HjrsfsO/JpG+r7fRrqm12kzFHyUHqHCVpMMbI=",
        "owner": "numtide",
        "repo": "flake-utils",
        "rev": "11707dc2f618dd54ca8739b309ec4fc024de578b",
        "type": "github"
      },
      "original": {
        "owner": "numtide",
        "repo": "flake-utils",
        "type": "github"
      }
    }
  },
  "root": "root",
  "version": 7
}
