lockfileVersion: '9.0'

settings:
  autoInstallPeers: true
  excludeLinksFromLockfile: false

overrides:
  '@metamask/sdk': '>=0.33.1'
  '@metamask/sdk-communication-layer': '>=0.33.1'
  axios: '>=1.16.0'
  defu: '>=6.1.5'
  follow-redirects: '>=1.16.0'
  form-data: '>=4.0.6'
  h3: '>=1.15.9'
  js-cookie: '>=3.0.7'
  minimatch: '>=9.0.7'
  postcss: '>=8.5.10'
  preact: '>=10.28.2'
  sharp@0.33.5: 0.35.0
  socket.io-parser@>=4.0.4 <4.2.7: 4.2.7
  uuid: '>=11.1.1'
  ws: '>=8.21.0'

importers:

  .:
    dependencies:
      react:
        specifier: ^18.0.0
        version: 18.2.0
      react-dom:
        specifier: ^18.0.0
        version: 18.2.0(react@18.2.0)
    devDependencies:
      '@eth-optimism/actions-sdk':
        specifier: ^0.8.1
        version: 0.8.1(ox@0.8.6(typescript@5.3.2))(viem@2.33.3(typescript@5.3.2))
      '@types/node':
        specifier: ^25.9.1
        version: 25.9.1
      '@types/react':
        specifier: ^18.0.0
        version: 18.2.36
      '@types/react-dom':
        specifier: ^18.0.0
        version: 18.2.16
      ts-morph:
        specifier: ^21.0.0
        version: 21.0.1
      tsx:
        specifier: ^4.7.0
        version: 4.20.6
      typescript:
        specifier: ^5.0.0
        version: 5.3.2

packages:

  '@adraffy/ens-normalize@1.11.1':
    resolution: {integrity: sha512-nhCBV3quEgesuf7c7KYfperqSS14T8bYuvJ8PcLJp6znkZpFc0AuW4qBtr8eKVyPPe/8RSr7sglCWPU5eaxwKQ==}

  '@esbuild/aix-ppc64@0.25.12':
    resolution: {integrity: sha512-Hhmwd6CInZ3dwpuGTF8fJG6yoWmsToE+vYgD4nytZVxcu1ulHpUQRAB1UJ8+N1Am3Mz4+xOByoQoSZf4D+CpkA==}
    engines: {node: '>=18'}
    cpu: [ppc64]
    os: [aix]

  '@esbuild/android-arm64@0.25.12':
    resolution: {integrity: sha512-6AAmLG7zwD1Z159jCKPvAxZd4y/VTO0VkprYy+3N2FtJ8+BQWFXU+OxARIwA46c5tdD9SsKGZ/1ocqBS/gAKHg==}
    engines: {node: '>=18'}
    cpu: [arm64]
    os: [android]

  '@esbuild/android-arm@0.25.12':
    resolution: {integrity: sha512-VJ+sKvNA/GE7Ccacc9Cha7bpS8nyzVv0jdVgwNDaR4gDMC/2TTRc33Ip8qrNYUcpkOHUT5OZ0bUcNNVZQ9RLlg==}
    engines: {node: '>=18'}
    cpu: [arm]
    os: [android]

  '@esbuild/android-x64@0.25.12':
    resolution: {integrity: sha512-5jbb+2hhDHx5phYR2By8GTWEzn6I9UqR11Kwf22iKbNpYrsmRB18aX/9ivc5cabcUiAT/wM+YIZ6SG9QO6a8kg==}
    engines: {node: '>=18'}
    cpu: [x64]
    os: [android]

  '@esbuild/darwin-arm64@0.25.12':
    resolution: {integrity: sha512-N3zl+lxHCifgIlcMUP5016ESkeQjLj/959RxxNYIthIg+CQHInujFuXeWbWMgnTo4cp5XVHqFPmpyu9J65C1Yg==}
    engines: {node: '>=18'}
    cpu: [arm64]
    os: [darwin]

  '@esbuild/darwin-x64@0.25.12':
    resolution: {integrity: sha512-HQ9ka4Kx21qHXwtlTUVbKJOAnmG1ipXhdWTmNXiPzPfWKpXqASVcWdnf2bnL73wgjNrFXAa3yYvBSd9pzfEIpA==}
    engines: {node: '>=18'}
    cpu: [x64]
    os: [darwin]

  '@esbuild/freebsd-arm64@0.25.12':
    resolution: {integrity: sha512-gA0Bx759+7Jve03K1S0vkOu5Lg/85dou3EseOGUes8flVOGxbhDDh/iZaoek11Y8mtyKPGF3vP8XhnkDEAmzeg==}
    engines: {node: '>=18'}
    cpu: [arm64]
    os: [freebsd]

  '@esbuild/freebsd-x64@0.25.12':
    resolution: {integrity: sha512-TGbO26Yw2xsHzxtbVFGEXBFH0FRAP7gtcPE7P5yP7wGy7cXK2oO7RyOhL5NLiqTlBh47XhmIUXuGciXEqYFfBQ==}
    engines: {node: '>=18'}
    cpu: [x64]
    os: [freebsd]

  '@esbuild/linux-arm64@0.25.12':
    resolution: {integrity: sha512-8bwX7a8FghIgrupcxb4aUmYDLp8pX06rGh5HqDT7bB+8Rdells6mHvrFHHW2JAOPZUbnjUpKTLg6ECyzvas2AQ==}
    engines: {node: '>=18'}
    cpu: [arm64]
    os: [linux]

  '@esbuild/linux-arm@0.25.12':
    resolution: {integrity: sha512-lPDGyC1JPDou8kGcywY0YILzWlhhnRjdof3UlcoqYmS9El818LLfJJc3PXXgZHrHCAKs/Z2SeZtDJr5MrkxtOw==}
    engines: {node: '>=18'}
    cpu: [arm]
    os: [linux]

  '@esbuild/linux-ia32@0.25.12':
    resolution: {integrity: sha512-0y9KrdVnbMM2/vG8KfU0byhUN+EFCny9+8g202gYqSSVMonbsCfLjUO+rCci7pM0WBEtz+oK/PIwHkzxkyharA==}
    engines: {node: '>=18'}
    cpu: [ia32]
    os: [linux]

  '@esbuild/linux-loong64@0.25.12':
    resolution: {integrity: sha512-h///Lr5a9rib/v1GGqXVGzjL4TMvVTv+s1DPoxQdz7l/AYv6LDSxdIwzxkrPW438oUXiDtwM10o9PmwS/6Z0Ng==}
    engines: {node: '>=18'}
    cpu: [loong64]
    os: [linux]

  '@esbuild/linux-mips64el@0.25.12':
    resolution: {integrity: sha512-iyRrM1Pzy9GFMDLsXn1iHUm18nhKnNMWscjmp4+hpafcZjrr2WbT//d20xaGljXDBYHqRcl8HnxbX6uaA/eGVw==}
    engines: {node: '>=18'}
    cpu: [mips64el]
    os: [linux]

  '@esbuild/linux-ppc64@0.25.12':
    resolution: {integrity: sha512-9meM/lRXxMi5PSUqEXRCtVjEZBGwB7P/D4yT8UG/mwIdze2aV4Vo6U5gD3+RsoHXKkHCfSxZKzmDssVlRj1QQA==}
    engines: {node: '>=18'}
    cpu: [ppc64]
    os: [linux]

  '@esbuild/linux-riscv64@0.25.12':
    resolution: {integrity: sha512-Zr7KR4hgKUpWAwb1f3o5ygT04MzqVrGEGXGLnj15YQDJErYu/BGg+wmFlIDOdJp0PmB0lLvxFIOXZgFRrdjR0w==}
    engines: {node: '>=18'}
    cpu: [riscv64]
    os: [linux]

  '@esbuild/linux-s390x@0.25.12':
    resolution: {integrity: sha512-MsKncOcgTNvdtiISc/jZs/Zf8d0cl/t3gYWX8J9ubBnVOwlk65UIEEvgBORTiljloIWnBzLs4qhzPkJcitIzIg==}
    engines: {node: '>=18'}
    cpu: [s390x]
    os: [linux]

  '@esbuild/linux-x64@0.25.12':
    resolution: {integrity: sha512-uqZMTLr/zR/ed4jIGnwSLkaHmPjOjJvnm6TVVitAa08SLS9Z0VM8wIRx7gWbJB5/J54YuIMInDquWyYvQLZkgw==}
    engines: {node: '>=18'}
    cpu: [x64]
    os: [linux]

  '@esbuild/netbsd-arm64@0.25.12':
    resolution: {integrity: sha512-xXwcTq4GhRM7J9A8Gv5boanHhRa/Q9KLVmcyXHCTaM4wKfIpWkdXiMog/KsnxzJ0A1+nD+zoecuzqPmCRyBGjg==}
    engines: {node: '>=18'}
    cpu: [arm64]
    os: [netbsd]

  '@esbuild/netbsd-x64@0.25.12':
    resolution: {integrity: sha512-Ld5pTlzPy3YwGec4OuHh1aCVCRvOXdH8DgRjfDy/oumVovmuSzWfnSJg+VtakB9Cm0gxNO9BzWkj6mtO1FMXkQ==}
    engines: {node: '>=18'}
    cpu: [x64]
    os: [netbsd]

  '@esbuild/openbsd-arm64@0.25.12':
    resolution: {integrity: sha512-fF96T6KsBo/pkQI950FARU9apGNTSlZGsv1jZBAlcLL1MLjLNIWPBkj5NlSz8aAzYKg+eNqknrUJ24QBybeR5A==}
    engines: {node: '>=18'}
    cpu: [arm64]
    os: [openbsd]

  '@esbuild/openbsd-x64@0.25.12':
    resolution: {integrity: sha512-MZyXUkZHjQxUvzK7rN8DJ3SRmrVrke8ZyRusHlP+kuwqTcfWLyqMOE3sScPPyeIXN/mDJIfGXvcMqCgYKekoQw==}
    engines: {node: '>=18'}
    cpu: [x64]
    os: [openbsd]

  '@esbuild/openharmony-arm64@0.25.12':
    resolution: {integrity: sha512-rm0YWsqUSRrjncSXGA7Zv78Nbnw4XL6/dzr20cyrQf7ZmRcsovpcRBdhD43Nuk3y7XIoW2OxMVvwuRvk9XdASg==}
    engines: {node: '>=18'}
    cpu: [arm64]
    os: [openharmony]

  '@esbuild/sunos-x64@0.25.12':
    resolution: {integrity: sha512-3wGSCDyuTHQUzt0nV7bocDy72r2lI33QL3gkDNGkod22EsYl04sMf0qLb8luNKTOmgF/eDEDP5BFNwoBKH441w==}
    engines: {node: '>=18'}
    cpu: [x64]
    os: [sunos]

  '@esbuild/win32-arm64@0.25.12':
    resolution: {integrity: sha512-rMmLrur64A7+DKlnSuwqUdRKyd3UE7oPJZmnljqEptesKM8wx9J8gx5u0+9Pq0fQQW8vqeKebwNXdfOyP+8Bsg==}
    engines: {node: '>=18'}
    cpu: [arm64]
    os: [win32]

  '@esbuild/win32-ia32@0.25.12':
    resolution: {integrity: sha512-HkqnmmBoCbCwxUKKNPBixiWDGCpQGVsrQfJoVGYLPT41XWF8lHuE5N6WhVia2n4o5QK5M4tYr21827fNhi4byQ==}
    engines: {node: '>=18'}
    cpu: [ia32]
    os: [win32]

  '@esbuild/win32-x64@0.25.12':
    resolution: {integrity: sha512-alJC0uCZpTFrSL0CCDjcgleBXPnCrEAhTBILpeAp7M/OFgoqtAetfBzX0xM00MUsVVPpVjlPuMbREqnZCXaTnA==}
    engines: {node: '>=18'}
    cpu: [x64]
    os: [win32]

  '@eth-optimism/actions-sdk@0.8.1':
    resolution: {integrity: sha512-w9bDbs47HuzgyQsyTr5ZHV/eHXFL2hBkXUBE4DGn6NxixgRDqUUp/6aco5G+1XthO2QzKLp4/MAMyurQKUrRng==}
    peerDependencies:
      '@dynamic-labs/ethereum': '>=4.31.4 <5.0.0'
      '@dynamic-labs/waas-evm': '>=4.31.4 <5.0.0'
      '@dynamic-labs/wallet-connector-core': '>=4.31.4 <5.0.0'
      '@privy-io/node': '>=0.3.0 <0.4.0'
      '@privy-io/react-auth': '>=2.24.0 <3.0.0'
      '@turnkey/core': '>=1.1.1 <2.0.0'
      '@turnkey/http': '>=3.12.1 <4.0.0'
      '@turnkey/react-wallet-kit': '>=1.1.1 <2.0.0'
      '@turnkey/sdk-server': '>=4.9.1 <5.0.0'
      '@turnkey/viem': '>=0.14.1 <0.15.0'
      viem: '>=2.33.0 <2.34.0'
    peerDependenciesMeta:
      '@dynamic-labs/ethereum':
        optional: true
      '@dynamic-labs/waas-evm':
        optional: true
      '@dynamic-labs/wallet-connector-core':
        optional: true
      '@privy-io/node':
        optional: true
      '@privy-io/react-auth':
        optional: true
      '@turnkey/core':
        optional: true
      '@turnkey/http':
        optional: true
      '@turnkey/react-wallet-kit':
        optional: true
      '@turnkey/sdk-server':
        optional: true
      '@turnkey/viem':
        optional: true

  '@eth-optimism/viem@0.4.15':
    resolution: {integrity: sha512-7tExoHdybGUAfQRbpoE1hKnsob7vMRHvorZtuO+W5zGUheo0vTVVWbH7y9lSUfoaWaO8nnbNJCU6HQN+050EgA==}
    peerDependencies:
      viem: ^2.17.9

  '@morpho-org/blue-sdk-viem@3.2.0':
    resolution: {integrity: sha512-NZzQbDfBprqDrvlq0axHKrACJQAbRj7wkTy5ozwjdvmnFmkRgKXASmSXwvIPvnYKUXsTsaN9x9SimS5iO+xdCg==}
    peerDependencies:
      '@morpho-org/blue-sdk': ^4.13.0
      '@morpho-org/morpho-ts': ^2.4.2
      viem: ^2.0.0

  '@morpho-org/blue-sdk@4.13.1':
    resolution: {integrity: sha512-r1snfnIaL3IGeoo0QIX6qerIld+pmzxE4yUGqjAcei+Z0oLYXywZ0XatzGMg4asu0knJaksPgPxNwNwMStFRTw==}
    peerDependencies:
      '@morpho-org/morpho-ts': ^2.4.2

  '@morpho-org/morpho-ts@2.4.6':
    resolution: {integrity: sha512-LWglkfjjU5xXOwNg8dog9g7+k42rBbgvx6xf1SBje8ZQOurhC+BB0yh/Jl/ArcTf/siiFeXDKievEhETZEo4jg==}

  '@noble/ciphers@1.3.0':
    resolution: {integrity: sha512-2I0gnIVPtfnMw9ee9h1dJG7tp81+8Ob3OJb3Mv37rx5L40/b0i7djjCVvGOVqc9AEIQyvyu1i6ypKdFw8R8gQw==}
    engines: {node: ^14.21.3 || >=16}

  '@noble/curves@1.9.2':
    resolution: {integrity: sha512-HxngEd2XUcg9xi20JkwlLCtYwfoFw4JGkuZpT+WlsPD4gB/cxkvTD8fSsoAnphGZhFdZYKeQIPCuFlWPm1uE0g==}
    engines: {node: ^14.21.3 || >=16}

  '@noble/hashes@1.8.0':
    resolution: {integrity: sha512-jCs9ldd7NwzpgXDIf6P3+NrHh9/sD6CQdxHyjQI+h/6rDNo88ypBxxz45UDuZHz9r3tNz7N/VInSVoVdtXEI4A==}
    engines: {node: ^14.21.3 || >=16}

  '@nodelib/fs.scandir@2.1.5':
    resolution: {integrity: sha512-vq24Bq3ym5HEQm2NKCr3yXDwjc7vTsEThRDnkp2DK9p1uqLR+DHurm/NOTo0KG7HYHU7eppKZj3MyqYuMBf62g==}
    engines: {node: '>= 8'}

  '@nodelib/fs.stat@2.0.5':
    resolution: {integrity: sha512-RkhPPp2zrqDAQA/2jNhnztcPAlv64XdhIp7a7454A5ovI7Bukxgt7MX7udwAu3zg1DcpPU0rz3VV1SeaqvY4+A==}
    engines: {node: '>= 8'}

  '@nodelib/fs.walk@1.2.8':
    resolution: {integrity: sha512-oGB+UxlgWcgQkgwo8GcEGwemoTFt3FIO9ababBmaGwXIoBKZ+GTy0pP185beGg7Llih/NSHSV2XAs1lnznocSg==}
    engines: {node: '>= 8'}

  '@scure/base@1.2.6':
    resolution: {integrity: sha512-g/nm5FgUa//MCj1gV09zTJTaM6KBAHqLN907YVQqf7zC49+DcO4B1so4ZX07Ef10Twr6nuqYEH9GEggFXA4Fmg==}

  '@scure/bip32@1.7.0':
    resolution: {integrity: sha512-E4FFX/N3f4B80AKWp5dP6ow+flD1LQZo/w8UnLGYZO674jS6YnYeepycOOksv+vLPSpgN35wgKgy+ybfTb2SMw==}

  '@scure/bip39@1.6.0':
    resolution: {integrity: sha512-+lF0BbLiJNwVlev4eKelw1WWLaiKXw7sSl8T6FvBlWkdX+94aGJ4o8XjUdlyhTCjd8c+B3KT3JfS8P0bLRNU6A==}

  '@ts-morph/common@0.22.0':
    resolution: {integrity: sha512-HqNBuV/oIlMKdkLshXd1zKBqNQCsuPEsgQOkfFQ/eUKjRlwndXW1AjN9LVkBEIukm00gGXSRmfkl0Wv5VXLnlw==}

  '@types/lodash.isplainobject@4.0.9':
    resolution: {integrity: sha512-QC8nKcap5hRrbtIaPRjUMlcXXnLeayqQZPSaWJDx3xeuN17+2PW5wkmEJ4+lZgNnQRlSPzxjTYKCfV1uTnPaEg==}

  '@types/lodash.mergewith@4.6.9':
    resolution: {integrity: sha512-fgkoCAOF47K7sxrQ7Mlud2TH023itugZs2bUg8h/KzT+BnZNrR2jAOmaokbLunHNnobXVWOezAeNn/lZqwxkcw==}

  '@types/lodash@4.17.25':
    resolution: {integrity: sha512-+K1NIO8I+F9/wNulfVvu23QYd0Pe9/OCqRrim4NoYIf1VoEDL90Ve4ClzpyqBLc7NpGGWRvYNCKZ1BE/Jpf8dQ==}

  '@types/node@25.9.1':
    resolution: {integrity: sha512-xfrlY7UD5rMJk3ZVJP8BNzS28J36YJg+xp+LPXV1TdWxr8uMH5A860QNxYDGQe/ylDSgjxE52Q9VnO7p75tJxg==}

  '@types/prop-types@15.7.9':
    resolution: {integrity: sha512-n1yyPsugYNSmHgxDFjicaI2+gCNjsBck8UX9kuofAKlc0h1bL+20oSF72KeNaW2DUlesbEVCFgyV2dPGTiY42g==}

  '@types/react-dom@18.2.16':
    resolution: {integrity: sha512-766c37araZ9vxtYs25gvY2wNdFWsT2ZiUvOd0zMhTaoGj6B911N8CKQWgXXJoPMLF3J82thpRqQA7Rf3rBwyJw==}

  '@types/react@18.2.36':
    resolution: {integrity: sha512-o9XFsHYLLZ4+sb9CWUYwHqFVoG61SesydF353vFMMsQziiyRu8np4n2OYMUSDZ8XuImxDr9c5tR7gidlH29Vnw==}

  '@types/scheduler@0.16.5':
    resolution: {integrity: sha512-s/FPdYRmZR8SjLWGMCuax7r3qCWQw9QKHzXVukAuuIJkXkDRwp+Pu5LMIVFi0Fxbav35WURicYr8u1QsoybnQw==}

  abitype@1.0.8:
    resolution: {integrity: sha512-ZeiI6h3GnW06uYDLx0etQtX/p8E24UaHHBj57RSjK7YBFe7iuVn07EDpOeP451D06sF27VOz9JJPlIKJmXgkEg==}
    peerDependencies:
      typescript: '>=5.0.4'
      zod: ^3 >=3.22.0
    peerDependenciesMeta:
      typescript:
        optional: true
      zod:
        optional: true

  balanced-match@4.0.4:
    resolution: {integrity: sha512-BLrgEcRTwX2o6gGxGOCNyMvGSp35YofuYzw9h1IMTRmKqttAZZVU67bdb9Pr2vUHA8+j3i2tJfjO6C6+4myGTA==}
    engines: {node: 18 || 20 || >=22}

  brace-expansion@5.0.7:
    resolution: {integrity: sha512-7oFy703dxfY3/NLxC1fh2SUCQ0H9rmAY+5EpDVfXjUTTs+HEwR2nYaqLv+GWcTsumwxPfiz6CzCNkwXwBUwqCA==}
    engines: {node: 18 || 20 || >=22}

  braces@3.0.3:
    resolution: {integrity: sha512-yQbXgO/OSZVD2IsiLlro+7Hf6Q18EJrKSEsdoMzKePKXct3gvD8oLcOQdIzGupr5Fj+EDe8gO/lxc1BzfMpxvA==}
    engines: {node: '>=8'}

  code-block-writer@12.0.0:
    resolution: {integrity: sha512-q4dMFMlXtKR3XNBHyMHt/3pwYNA69EDk00lloMOaaUMKPUXBw6lpXtbu3MMVG6/uOihGnRDOlkyqsONEUj60+w==}

  csstype@3.1.2:
    resolution: {integrity: sha512-I7K1Uu0MBPzaFKg4nI5Q7Vs2t+3gWWW648spaF+Rg7pI9ds18Ugn+lvg4SHczUdKlHI5LWBXyqfS8+DufyBsgQ==}

  esbuild@0.25.12:
    resolution: {integrity: sha512-bbPBYYrtZbkt6Os6FiTLCTFxvq4tt3JKall1vRwshA3fdVztsLAatFaZobhkBC8/BrPetoa0oksYoKXoG4ryJg==}
    engines: {node: '>=18'}
    hasBin: true

  eventemitter3@5.0.1:
    resolution: {integrity: sha512-GWkBvjiSZK87ELrYOSESUYeVIc9mvLLf/nXalMOS5dYrgZq9o5OVkbZAVM06CVxYsCwH9BDZFPlQTlPA1j4ahA==}

  fast-glob@3.3.3:
    resolution: {integrity: sha512-7MptL8U0cqcFdzIzwOTHoilX9x5BrNqye7Z/LuC7kCMRio1EMSyqRK3BEAUD7sXRq4iT4AzTVuZdhgQ2TCvYLg==}
    engines: {node: '>=8.6.0'}

  fastq@1.19.1:
    resolution: {integrity: sha512-GwLTyxkCXjXbxqIhTsMI2Nui8huMPtnxg7krajPJAjnEG/iiOS7i+zCtWGZR9G0NBKbXKh6X9m9UIsYX/N6vvQ==}

  fill-range@7.1.1:
    resolution: {integrity: sha512-YsGpe3WHLK8ZYi4tWDg2Jy3ebRz2rXowDxnld4bkQB00cc/1Zw9AWnC0i9ztDJitivtQvaI9KaLyKrc+hBW0yg==}
    engines: {node: '>=8'}

  fsevents@2.3.3:
    resolution: {integrity: sha512-5xoDfX+fL7faATnagmWPpbFtwh/R77WmMMqqHGS65C3vvB0YHrgF+B1YmZ3441tMj5n63k0212XNoJwzlhffQw==}
    engines: {node: ^8.16.0 || ^10.6.0 || >=11.0.0}
    os: [darwin]

  get-tsconfig@4.13.0:
    resolution: {integrity: sha512-1VKTZJCwBrvbd+Wn3AOgQP/2Av+TfTCOlE4AcRJE72W1ksZXbAx8PPBR9RzgTeSPzlPMHrbANMH3LbltH73wxQ==}

  glob-parent@5.1.2:
    resolution: {integrity: sha512-AOIgSQCepiJYwP3ARnGx+5VnTu2HBYdzbGP45eLw1vr3zB3vZLeyed1sC9hnbcOc9/SrMyM5RPQrkGz4aS9Zow==}
    engines: {node: '>= 6'}

  is-extglob@2.1.1:
    resolution: {integrity: sha512-SbKbANkN603Vi4jEZv49LeVJMn4yGwsbzZworEoyEiutsN3nJYdbO36zfhGJ6QEDpOZIFkDtnq5JRxmvl3jsoQ==}
    engines: {node: '>=0.10.0'}

  is-glob@4.0.3:
    resolution: {integrity: sha512-xelSayHH36ZgE7ZWhli7pW34hNbNl8Ojv5KVmkJD4hBdD3th8Tfk9vYasLM+mXWOZhFkgZfxhLSnrwRr4elSSg==}
    engines: {node: '>=0.10.0'}

  is-number@7.0.0:
    resolution: {integrity: sha512-41Cifkg6e8TylSpdtTpeLVMqvSBEVzTttHvERD741+pnZ8ANv0004MRL43QKPDlK9cGvNp6NZWZUBlbGXYxxng==}
    engines: {node: '>=0.12.0'}

  isows@1.0.7:
    resolution: {integrity: sha512-I1fSfDCZL5P0v33sVqeTDSpcstAg/N+wF5HS033mogOVIp4B+oHC7oOCsA3axAbBSGTJ8QubbNmnIRN/h8U7hg==}
    peerDependencies:
      ws: '>=8.21.0'

  js-tokens@4.0.0:
    resolution: {integrity: sha512-RdJUflcE3cUzKiMqQgsCu06FPu9UdIJO0beYbPhHN4k6apgJtifcoCtT9bcxOpYBtpD2kCM6Sbzg4CausW/PKQ==}

  lodash.isplainobject@4.0.6:
    resolution: {integrity: sha512-oSXzaWypCMHkPC3NvBEaPHf0KsA5mvPrOPgQWDsbg8n7orZ290M0BmC/jgRZ4vcJ6DTAhjrsSYgdsW/F+MFOBA==}

  lodash.mergewith@4.6.2:
    resolution: {integrity: sha512-GK3g5RPZWTRSeLSpgP8Xhra+pnjBC56q9FZYe1d5RN3TJ35dbkGy3YqBSMbyCrlbi+CM9Z3Jk5yTL7RCsqboyQ==}

  loose-envify@1.4.0:
    resolution: {integrity: sha512-lyuxPGr/Wfhrlem2CL/UcnUc1zcqKAImBDzukY7Y5F/yQiNdko6+fRLevlw1HgMySw7f611UIY408EtxRSoK3Q==}
    hasBin: true

  merge2@1.4.1:
    resolution: {integrity: sha512-8q7VEgMJW4J8tcfVPy8g09NcQwZdbwFEqhe/WZkoIzjn/3TGDwtOCYtXGxA3O8tPzpczCCDgv+P2P5y00ZJOOg==}
    engines: {node: '>= 8'}

  micromatch@4.0.8:
    resolution: {integrity: sha512-PXwfBhYu0hBCPw8Dn0E+WDYb7af3dSLVWKi3HGv84IdF4TyFoC0ysxFd0Goxw7nSv4T/PzEJQxsYsEiFCKo2BA==}
    engines: {node: '>=8.6'}

  minimatch@10.2.5:
    resolution: {integrity: sha512-MULkVLfKGYDFYejP07QOurDLLQpcjk7Fw+7jXS2R2czRQzR56yHRveU5NDJEOviH+hETZKSkIk5c+T23GjFUMg==}
    engines: {node: 18 || 20 || >=22}

  mkdirp@3.0.1:
    resolution: {integrity: sha512-+NsyUUAZDmo6YVHzL/stxSu3t9YS1iljliy3BSDrXJ/dkn1KYdmtZODGGjLcc9XLgVVpH4KshHB8XmZgMhaBXg==}
    engines: {node: '>=10'}
    hasBin: true

  ox@0.8.6:
    resolution: {integrity: sha512-eiKcgiVVEGDtEpEdFi1EGoVVI48j6icXHce9nFwCNM7CKG3uoCXKdr4TPhS00Iy1TR2aWSF1ltPD0x/YgqIL9w==}
    peerDependencies:
      typescript: '>=5.4.0'
    peerDependenciesMeta:
      typescript:
        optional: true

  path-browserify@1.0.1:
    resolution: {integrity: sha512-b7uo2UCUOYZcnF/3ID0lulOJi/bafxa1xPe7ZPsammBSpjSWQkjNxlt635YGS2MiR9GjvuXCtz2emr3jbsz98g==}

  permissionless@0.2.57:
    resolution: {integrity: sha512-QrzAoQGYPV/NJ2x5Sj18h7qed6f+kCyQAojrncN091UPiGqHjFNjgdsgreiv8pxlQgF4UcpuJUvsHLpOEBd6cQ==}
    peerDependencies:
      ox: ^0.8.0
      viem: ^2.28.1
    peerDependenciesMeta:
      ox:
        optional: true

  picomatch@2.3.1:
    resolution: {integrity: sha512-JU3teHTNjmE2VCGFzuY8EXzCDVwEqB2a8fsIvwaStHhAWJEeVd1o1QD80CU6+ZdEXXSLbSsuLwJjkCBWqRQUVA==}
    engines: {node: '>=8.6'}

  queue-microtask@1.2.3:
    resolution: {integrity: sha512-NuaNSa6flKT5JaSYQzJok04JzTL1CA6aGhv5rfLW3PgqA+M2ChpZQnAC8h8i4ZFkBS8X5RqkDBHA7r4hej3K9A==}

  react-dom@18.2.0:
    resolution: {integrity: sha512-6IMTriUmvsjHUjNtEDudZfuDQUoWXVxKHhlEGSk81n4YFS+r/Kl99wXiwlVXtPBtJenozv2P+hxDsw9eA7Xo6g==}
    peerDependencies:
      react: ^18.2.0

  react@18.2.0:
    resolution: {integrity: sha512-/3IjMdb2L9QbBdWiW5e3P2/npwMBaU9mHCSCUzNln0ZCYbcfTsGbTJrU/kGemdH2IWmB2ioZ+zkxtmq6g09fGQ==}
    engines: {node: '>=0.10.0'}

  resolve-pkg-maps@1.0.0:
    resolution: {integrity: sha512-seS2Tj26TBVOC2NIc2rOe2y2ZO7efxITtLZcGSOnHHNOQ7CkiUBfw0Iw2ck6xkIhPwLhKNLS8BO+hEpngQlqzw==}

  reusify@1.1.0:
    resolution: {integrity: sha512-g6QUff04oZpHs0eG5p83rFLhHeV00ug/Yf9nZM6fLeUrPguBTkTQOdpAWWspMh55TZfVQDPaN3NQJfbVRAxdIw==}
    engines: {iojs: '>=1.0.0', node: '>=0.10.0'}

  run-parallel@1.2.0:
    resolution: {integrity: sha512-5l4VyZR86LZ/lDxZTR6jqL8AFE2S0IFLMP26AbjsLVADxHdhB/c0GUsH+y39UfCi3dzz8OlQuPmnaJOMoDHQBA==}

  scheduler@0.23.0:
    resolution: {integrity: sha512-CtuThmgHNg7zIZWAXi3AsyIzA3n4xx7aNyjwC2VJldO2LMVDhFK+63xGqq6CsJH4rTAt6/M+N4GhZiDYPx9eUw==}

  to-regex-range@5.0.1:
    resolution: {integrity: sha512-65P7iz6X5yEr1cwcgvQxbbIw7Uk3gOy5dIdtZ4rDveLqhrdJP+Li/Hx6tyK0NEb+2GCyneCMJiGqrADCSNk8sQ==}
    engines: {node: '>=8.0'}

  ts-morph@21.0.1:
    resolution: {integrity: sha512-dbDtVdEAncKctzrVZ+Nr7kHpHkv+0JDJb2MjjpBaj8bFeCkePU9rHfMklmhuLFnpeq/EJZk2IhStY6NzqgjOkg==}

  tsx@4.20.6:
    resolution: {integrity: sha512-ytQKuwgmrrkDTFP4LjR0ToE2nqgy886GpvRSpU0JAnrdBYppuY5rLkRUYPU1yCryb24SsKBTL/hlDQAEFVwtZg==}
    engines: {node: '>=18.0.0'}
    hasBin: true

  typescript@5.3.2:
    resolution: {integrity: sha512-6l+RyNy7oAHDfxC4FzSJcz9vnjTKxrLpDG5M2Vu4SHRVNg6xzqZp6LYSR9zjqQTu8DU/f5xwxUdADOkbrIX2gQ==}
    engines: {node: '>=14.17'}
    hasBin: true

  undici-types@7.24.6:
    resolution: {integrity: sha512-WRNW+sJgj5OBN4/0JpHFqtqzhpbnV0GuB+OozA9gCL7a993SmU+1JBZCzLNxYsbMfIeDL+lTsphD5jN5N+n0zg==}

  viem@2.33.3:
    resolution: {integrity: sha512-aWDr6i6r3OfNCs0h9IieHFhn7xQJJ8YsuA49+9T5JRyGGAkWhLgcbLq2YMecgwM7HdUZpx1vPugZjsShqNi7Gw==}
    peerDependencies:
      typescript: '>=5.0.4'
    peerDependenciesMeta:
      typescript:
        optional: true

  ws@8.21.3:
    resolution: {integrity: sha512-201TZ/kPWxoPr/OKWjquZR1SWKXcvxdH+e1xrx89b3YbmzLMFCLfnaG1HFIgWzJOEWZ7MvpK++odZufgYR50Rw==}
    engines: {node: '>=10.0.0'}
    peerDependencies:
      bufferutil: ^4.0.1
      utf-8-validate: '>=5.0.2'
    peerDependenciesMeta:
      bufferutil:
        optional: true
      utf-8-validate:
        optional: true

snapshots:

  '@adraffy/ens-normalize@1.11.1': {}

  '@esbuild/aix-ppc64@0.25.12':
    optional: true

  '@esbuild/android-arm64@0.25.12':
    optional: true

  '@esbuild/android-arm@0.25.12':
    optional: true

  '@esbuild/android-x64@0.25.12':
    optional: true

  '@esbuild/darwin-arm64@0.25.12':
    optional: true

  '@esbuild/darwin-x64@0.25.12':
    optional: true

  '@esbuild/freebsd-arm64@0.25.12':
    optional: true

  '@esbuild/freebsd-x64@0.25.12':
    optional: true

  '@esbuild/linux-arm64@0.25.12':
    optional: true

  '@esbuild/linux-arm@0.25.12':
    optional: true

  '@esbuild/linux-ia32@0.25.12':
    optional: true

  '@esbuild/linux-loong64@0.25.12':
    optional: true

  '@esbuild/linux-mips64el@0.25.12':
    optional: true

  '@esbuild/linux-ppc64@0.25.12':
    optional: true

  '@esbuild/linux-riscv64@0.25.12':
    optional: true

  '@esbuild/linux-s390x@0.25.12':
    optional: true

  '@esbuild/linux-x64@0.25.12':
    optional: true

  '@esbuild/netbsd-arm64@0.25.12':
    optional: true

  '@esbuild/netbsd-x64@0.25.12':
    optional: true

  '@esbuild/openbsd-arm64@0.25.12':
    optional: true

  '@esbuild/openbsd-x64@0.25.12':
    optional: true

  '@esbuild/openharmony-arm64@0.25.12':
    optional: true

  '@esbuild/sunos-x64@0.25.12':
    optional: true

  '@esbuild/win32-arm64@0.25.12':
    optional: true

  '@esbuild/win32-ia32@0.25.12':
    optional: true

  '@esbuild/win32-x64@0.25.12':
    optional: true

  '@eth-optimism/actions-sdk@0.8.1(ox@0.8.6(typescript@5.3.2))(viem@2.33.3(typescript@5.3.2))':
    dependencies:
      '@eth-optimism/viem': 0.4.15(viem@2.33.3(typescript@5.3.2))
      '@morpho-org/blue-sdk': 4.13.1(@morpho-org/morpho-ts@2.4.6)
      '@morpho-org/blue-sdk-viem': 3.2.0(@morpho-org/blue-sdk@4.13.1(@morpho-org/morpho-ts@2.4.6))(@morpho-org/morpho-ts@2.4.6)(viem@2.33.3(typescript@5.3.2))
      '@morpho-org/morpho-ts': 2.4.6
      permissionless: 0.2.57(ox@0.8.6(typescript@5.3.2))(viem@2.33.3(typescript@5.3.2))
      viem: 2.33.3(typescript@5.3.2)
    transitivePeerDependencies:
      - ox

  '@eth-optimism/viem@0.4.15(viem@2.33.3(typescript@5.3.2))':
    dependencies:
      viem: 2.33.3(typescript@5.3.2)

  '@morpho-org/blue-sdk-viem@3.2.0(@morpho-org/blue-sdk@4.13.1(@morpho-org/morpho-ts@2.4.6))(@morpho-org/morpho-ts@2.4.6)(viem@2.33.3(typescript@5.3.2))':
    dependencies:
      '@morpho-org/blue-sdk': 4.13.1(@morpho-org/morpho-ts@2.4.6)
      '@morpho-org/morpho-ts': 2.4.6
      viem: 2.33.3(typescript@5.3.2)

  '@morpho-org/blue-sdk@4.13.1(@morpho-org/morpho-ts@2.4.6)':
    dependencies:
      '@morpho-org/morpho-ts': 2.4.6
      '@noble/hashes': 1.8.0
      '@types/lodash.isplainobject': 4.0.9
      '@types/lodash.mergewith': 4.6.9
      lodash.isplainobject: 4.0.6
      lodash.mergewith: 4.6.2

  '@morpho-org/morpho-ts@2.4.6': {}

  '@noble/ciphers@1.3.0': {}

  '@noble/curves@1.9.2':
    dependencies:
      '@noble/hashes': 1.8.0

  '@noble/hashes@1.8.0': {}

  '@nodelib/fs.scandir@2.1.5':
    dependencies:
      '@nodelib/fs.stat': 2.0.5
      run-parallel: 1.2.0

  '@nodelib/fs.stat@2.0.5': {}

  '@nodelib/fs.walk@1.2.8':
    dependencies:
      '@nodelib/fs.scandir': 2.1.5
      fastq: 1.19.1

  '@scure/base@1.2.6': {}

  '@scure/bip32@1.7.0':
    dependencies:
      '@noble/curves': 1.9.2
      '@noble/hashes': 1.8.0
      '@scure/base': 1.2.6

  '@scure/bip39@1.6.0':
    dependencies:
      '@noble/hashes': 1.8.0
      '@scure/base': 1.2.6

  '@ts-morph/common@0.22.0':
    dependencies:
      fast-glob: 3.3.3
      minimatch: 10.2.5
      mkdirp: 3.0.1
      path-browserify: 1.0.1

  '@types/lodash.isplainobject@4.0.9':
    dependencies:
      '@types/lodash': 4.17.25

  '@types/lodash.mergewith@4.6.9':
    dependencies:
      '@types/lodash': 4.17.25

  '@types/lodash@4.17.25': {}

  '@types/node@25.9.1':
    dependencies:
      undici-types: 7.24.6

  '@types/prop-types@15.7.9': {}

  '@types/react-dom@18.2.16':
    dependencies:
      '@types/react': 18.2.36

  '@types/react@18.2.36':
    dependencies:
      '@types/prop-types': 15.7.9
      '@types/scheduler': 0.16.5
      csstype: 3.1.2

  '@types/scheduler@0.16.5': {}

  abitype@1.0.8(typescript@5.3.2):
    optionalDependencies:
      typescript: 5.3.2

  balanced-match@4.0.4: {}

  brace-expansion@5.0.7:
    dependencies:
      balanced-match: 4.0.4

  braces@3.0.3:
    dependencies:
      fill-range: 7.1.1

  code-block-writer@12.0.0: {}

  csstype@3.1.2: {}

  esbuild@0.25.12:
    optionalDependencies:
      '@esbuild/aix-ppc64': 0.25.12
      '@esbuild/android-arm': 0.25.12
      '@esbuild/android-arm64': 0.25.12
      '@esbuild/android-x64': 0.25.12
      '@esbuild/darwin-arm64': 0.25.12
      '@esbuild/darwin-x64': 0.25.12
      '@esbuild/freebsd-arm64': 0.25.12
      '@esbuild/freebsd-x64': 0.25.12
      '@esbuild/linux-arm': 0.25.12
      '@esbuild/linux-arm64': 0.25.12
      '@esbuild/linux-ia32': 0.25.12
      '@esbuild/linux-loong64': 0.25.12
      '@esbuild/linux-mips64el': 0.25.12
      '@esbuild/linux-ppc64': 0.25.12
      '@esbuild/linux-riscv64': 0.25.12
      '@esbuild/linux-s390x': 0.25.12
      '@esbuild/linux-x64': 0.25.12
      '@esbuild/netbsd-arm64': 0.25.12
      '@esbuild/netbsd-x64': 0.25.12
      '@esbuild/openbsd-arm64': 0.25.12
      '@esbuild/openbsd-x64': 0.25.12
      '@esbuild/openharmony-arm64': 0.25.12
      '@esbuild/sunos-x64': 0.25.12
      '@esbuild/win32-arm64': 0.25.12
      '@esbuild/win32-ia32': 0.25.12
      '@esbuild/win32-x64': 0.25.12

  eventemitter3@5.0.1: {}

  fast-glob@3.3.3:
    dependencies:
      '@nodelib/fs.stat': 2.0.5
      '@nodelib/fs.walk': 1.2.8
      glob-parent: 5.1.2
      merge2: 1.4.1
      micromatch: 4.0.8

  fastq@1.19.1:
    dependencies:
      reusify: 1.1.0

  fill-range@7.1.1:
    dependencies:
      to-regex-range: 5.0.1

  fsevents@2.3.3:
    optional: true

  get-tsconfig@4.13.0:
    dependencies:
      resolve-pkg-maps: 1.0.0

  glob-parent@5.1.2:
    dependencies:
      is-glob: 4.0.3

  is-extglob@2.1.1: {}

  is-glob@4.0.3:
    dependencies:
      is-extglob: 2.1.1

  is-number@7.0.0: {}

  isows@1.0.7(ws@8.21.3):
    dependencies:
      ws: 8.21.3

  js-tokens@4.0.0: {}

  lodash.isplainobject@4.0.6: {}

  lodash.mergewith@4.6.2: {}

  loose-envify@1.4.0:
    dependencies:
      js-tokens: 4.0.0

  merge2@1.4.1: {}

  micromatch@4.0.8:
    dependencies:
      braces: 3.0.3
      picomatch: 2.3.1

  minimatch@10.2.5:
    dependencies:
      brace-expansion: 5.0.7

  mkdirp@3.0.1: {}

  ox@0.8.6(typescript@5.3.2):
    dependencies:
      '@adraffy/ens-normalize': 1.11.1
      '@noble/ciphers': 1.3.0
      '@noble/curves': 1.9.2
      '@noble/hashes': 1.8.0
      '@scure/bip32': 1.7.0
      '@scure/bip39': 1.6.0
      abitype: 1.0.8(typescript@5.3.2)
      eventemitter3: 5.0.1
    optionalDependencies:
      typescript: 5.3.2
    transitivePeerDependencies:
      - zod

  path-browserify@1.0.1: {}

  permissionless@0.2.57(ox@0.8.6(typescript@5.3.2))(viem@2.33.3(typescript@5.3.2)):
    dependencies:
      viem: 2.33.3(typescript@5.3.2)
    optionalDependencies:
      ox: 0.8.6(typescript@5.3.2)

  picomatch@2.3.1: {}

  queue-microtask@1.2.3: {}

  react-dom@18.2.0(react@18.2.0):
    dependencies:
      loose-envify: 1.4.0
      react: 18.2.0
      scheduler: 0.23.0

  react@18.2.0:
    dependencies:
      loose-envify: 1.4.0

  resolve-pkg-maps@1.0.0: {}

  reusify@1.1.0: {}

  run-parallel@1.2.0:
    dependencies:
      queue-microtask: 1.2.3

  scheduler@0.23.0:
    dependencies:
      loose-envify: 1.4.0

  to-regex-range@5.0.1:
    dependencies:
      is-number: 7.0.0

  ts-morph@21.0.1:
    dependencies:
      '@ts-morph/common': 0.22.0
      code-block-writer: 12.0.0

  tsx@4.20.6:
    dependencies:
      esbuild: 0.25.12
      get-tsconfig: 4.13.0
    optionalDependencies:
      fsevents: 2.3.3

  typescript@5.3.2: {}

  undici-types@7.24.6: {}

  viem@2.33.3(typescript@5.3.2):
    dependencies:
      '@noble/curves': 1.9.2
      '@noble/hashes': 1.8.0
      '@scure/bip32': 1.7.0
      '@scure/bip39': 1.6.0
      abitype: 1.0.8(typescript@5.3.2)
      isows: 1.0.7(ws@8.21.3)
      ox: 0.8.6(typescript@5.3.2)
      ws: 8.21.3
    optionalDependencies:
      typescript: 5.3.2
    transitivePeerDependencies:
      - bufferutil
      - utf-8-validate
      - zod

  ws@8.21.3: {}
