{
	"name": "@pigi/verifier",
	"version": "0.0.1-alpha.1",
	"lockfileVersion": 1,
	"requires": true,
	"dependencies": {
		"@types/bn.js": {
			"version": "4.11.4",
			"resolved": "https://registry.npmjs.org/@types/bn.js/-/bn.js-4.11.4.tgz",
			"integrity": "sha512-AO8WW+aRcKWKQAYTfKLzwnpL6U+TfPqS+haRrhCy5ff04Da8WZud3ZgVjspQXaEXJDcTlsjUEVvL39wegDek5w==",
			"dev": true,
			"requires": {
				"@types/node": "*"
			}
		},
		"@types/chai": {
			"version": "4.1.7",
			"resolved": "https://registry.npmjs.org/@types/chai/-/chai-4.1.7.tgz",
			"integrity": "sha512-2Y8uPt0/jwjhQ6EiluT0XCri1Dbplr0ZxfFXUz+ye13gaqE8u5gL5ppao1JrUYr9cIip5S6MvQzBS7Kke7U9VA==",
			"dev": true
		},
		"@types/chai-as-promised": {
			"version": "7.1.0",
			"resolved": "https://registry.npmjs.org/@types/chai-as-promised/-/chai-as-promised-7.1.0.tgz",
			"integrity": "sha512-MFiW54UOSt+f2bRw8J7LgQeIvE/9b4oGvwU7XW30S9QGAiHGnU/fmiOprsyMkdmH2rl8xSPc0/yrQw8juXU6bQ==",
			"dev": true,
			"requires": {
				"@types/chai": "*"
			}
		},
		"@types/debug": {
			"version": "4.1.2",
			"resolved": "https://registry.npmjs.org/@types/debug/-/debug-4.1.2.tgz",
			"integrity": "sha512-jkf6UiWUjcOqdQbatbvOm54/YbCdjt3JjiAzT/9KS2XtMmOkYHdKsI5u8fulhbuTUuiqNBfa6J5GSDiwjK+zLA==",
			"dev": true
		},
		"@types/mocha": {
			"version": "5.2.6",
			"resolved": "https://registry.npmjs.org/@types/mocha/-/mocha-5.2.6.tgz",
			"integrity": "sha512-1axi39YdtBI7z957vdqXI4Ac25e7YihYQtJa+Clnxg1zTJEaIRbndt71O3sP4GAMgiAm0pY26/b9BrY4MR/PMw==",
			"dev": true
		},
		"@types/node": {
			"version": "10.14.0",
			"resolved": "https://registry.npmjs.org/@types/node/-/node-10.14.0.tgz",
			"integrity": "sha512-1UhSMMDix7bVdUeqtZERQQyJr3QuFoN5X5APtpIooGkumE3crPaeq7UgFeJNjGD8yCQ8od8PzRkgptR5+x327Q=="
		},
		"abstract-leveldown": {
			"version": "2.6.3",
			"resolved": "https://registry.npmjs.org/abstract-leveldown/-/abstract-leveldown-2.6.3.tgz",
			"integrity": "sha512-2++wDf/DYqkPR3o5tbfdhF96EfMApo1GpPfzOsR/ZYXdkSmELlvOOEAl9iKkRsktMPHdGjO4rtkBpf2I7TiTeA==",
			"requires": {
				"xtend": "~4.0.0"
			},
			"dependencies": {
				"xtend": {
					"version": "4.0.1",
					"resolved": "https://registry.npmjs.org/xtend/-/xtend-4.0.1.tgz",
					"integrity": "sha1-pcbVMr5lbiPbgg77lDofBJmNY68="
				}
			}
		},
		"aes-js": {
			"version": "3.0.0",
			"resolved": "https://registry.npmjs.org/aes-js/-/aes-js-3.0.0.tgz",
			"integrity": "sha1-4h3xCtbCBTKVvLuNq0Cwnb6ofk0="
		},
		"assertion-error": {
			"version": "1.1.0",
			"resolved": "https://registry.npmjs.org/assertion-error/-/assertion-error-1.1.0.tgz",
			"integrity": "sha512-jgsaNduz+ndvGyFt3uSuWqvy4lCnIJiovtouQN5JZHOKCS2QuhEdbcQHFhVksz2N2U9hXJo8odG7ETyWlEeuDw==",
			"dev": true
		},
		"async": {
			"version": "2.6.2",
			"resolved": "https://registry.npmjs.org/async/-/async-2.6.2.tgz",
			"integrity": "sha512-H1qVYh1MYhEEFLsP97cVKqCGo7KfCyTt6uEWqsTBr9SO84oK9Uwbyd/yCW+6rKJLHksBNUVWZDAjfS+Ccx0Bbg==",
			"requires": {
				"lodash": "^4.17.11"
			}
		},
		"async-eventemitter": {
			"version": "0.2.4",
			"resolved": "https://registry.npmjs.org/async-eventemitter/-/async-eventemitter-0.2.4.tgz",
			"integrity": "sha512-pd20BwL7Yt1zwDFy+8MX8F1+WCT8aQeKj0kQnTrH9WaeRETlRamVhD0JtRPmrV4GfOJ2F9CvdQkZeZhnh2TuHw==",
			"requires": {
				"async": "^2.4.0"
			}
		},
		"bindings": {
			"version": "1.5.0",
			"resolved": "https://registry.npmjs.org/bindings/-/bindings-1.5.0.tgz",
			"integrity": "sha512-p2q/t/mhvuOj/UeLlV6566GD/guowlr0hHxClI0W9m7MWYkL1F0hLo+0Aexs9HSPCtR1SXQ0TD3MMKrXZajbiQ==",
			"requires": {
				"file-uri-to-path": "1.0.0"
			}
		},
		"bip66": {
			"version": "1.1.5",
			"resolved": "https://registry.npmjs.org/bip66/-/bip66-1.1.5.tgz",
			"integrity": "sha1-AfqHSHhcpwlV1QESF9GzE5lpyiI=",
			"requires": {
				"safe-buffer": "^5.0.1"
			}
		},
		"bn.js": {
			"version": "4.11.8",
			"resolved": "https://registry.npmjs.org/bn.js/-/bn.js-4.11.8.tgz",
			"integrity": "sha512-ItfYfPLkWHUjckQCk8xC+LwxgK8NYcXywGigJgSwOP8Y2iyWT4f2vsZnoOXTTbo+o5yXmIUJ4gn5538SO5S3gA=="
		},
		"brorand": {
			"version": "1.1.0",
			"resolved": "https://registry.npmjs.org/brorand/-/brorand-1.1.0.tgz",
			"integrity": "sha1-EsJe/kCkXjwyPrhnWgoM5XsiNx8="
		},
		"browserify-aes": {
			"version": "1.2.0",
			"resolved": "https://registry.npmjs.org/browserify-aes/-/browserify-aes-1.2.0.tgz",
			"integrity": "sha512-+7CHXqGuspUn/Sl5aO7Ea0xWGAtETPXNSAjHo48JfLdPWcMng33Xe4znFvQweqc/uzk5zSOI3H52CYnjCfb5hA==",
			"requires": {
				"buffer-xor": "^1.0.3",
				"cipher-base": "^1.0.0",
				"create-hash": "^1.1.0",
				"evp_bytestokey": "^1.0.3",
				"inherits": "^2.0.1",
				"safe-buffer": "^5.0.1"
			}
		},
		"buffer-xor": {
			"version": "1.0.3",
			"resolved": "https://registry.npmjs.org/buffer-xor/-/buffer-xor-1.0.3.tgz",
			"integrity": "sha1-JuYe0UIvtw3ULm42cp7VHYVf6Nk="
		},
		"chai": {
			"version": "4.2.0",
			"resolved": "https://registry.npmjs.org/chai/-/chai-4.2.0.tgz",
			"integrity": "sha512-XQU3bhBukrOsQCuwZndwGcCVQHyZi53fQ6Ys1Fym7E4olpIqqZZhhoFJoaKVvV17lWQoXYwgWN2nF5crA8J2jw==",
			"dev": true,
			"requires": {
				"assertion-error": "^1.1.0",
				"check-error": "^1.0.2",
				"deep-eql": "^3.0.1",
				"get-func-name": "^2.0.0",
				"pathval": "^1.1.0",
				"type-detect": "^4.0.5"
			}
		},
		"chai-as-promised": {
			"version": "7.1.1",
			"resolved": "https://registry.npmjs.org/chai-as-promised/-/chai-as-promised-7.1.1.tgz",
			"integrity": "sha512-azL6xMoi+uxu6z4rhWQ1jbdUhOMhis2PvscD/xjLqNMkv3BPPp2JyyuTHOrf9BOosGpNQ11v6BKv/g57RXbiaA==",
			"dev": true,
			"requires": {
				"check-error": "^1.0.2"
			}
		},
		"check-error": {
			"version": "1.0.2",
			"resolved": "https://registry.npmjs.org/check-error/-/check-error-1.0.2.tgz",
			"integrity": "sha1-V00xLt2Iu13YkS6Sht1sCu1KrII=",
			"dev": true
		},
		"checkpoint-store": {
			"version": "1.1.0",
			"resolved": "https://registry.npmjs.org/checkpoint-store/-/checkpoint-store-1.1.0.tgz",
			"integrity": "sha1-BOTLUWuRQziTWB5tRgGnjpVS6gY=",
			"requires": {
				"functional-red-black-tree": "^1.0.1"
			}
		},
		"cipher-base": {
			"version": "1.0.4",
			"resolved": "https://registry.npmjs.org/cipher-base/-/cipher-base-1.0.4.tgz",
			"integrity": "sha512-Kkht5ye6ZGmwv40uUDZztayT2ThLQGfnj/T71N/XzeZeo3nf8foyW7zGTsPYkEya3m5f3cAypH+qe7YOrM1U2Q==",
			"requires": {
				"inherits": "^2.0.1",
				"safe-buffer": "^5.0.1"
			}
		},
		"core-util-is": {
			"version": "1.0.2",
			"resolved": "https://registry.npmjs.org/core-util-is/-/core-util-is-1.0.2.tgz",
			"integrity": "sha1-tf1UIgqivFq1eqtxQMlAdUUDwac="
		},
		"create-hash": {
			"version": "1.2.0",
			"resolved": "https://registry.npmjs.org/create-hash/-/create-hash-1.2.0.tgz",
			"integrity": "sha512-z00bCGNHDG8mHAkP7CtT1qVu+bFQUPjYq/4Iv3C3kWjTFV10zIjfSoeqXo9Asws8gwSHDGj/hl2u4OGIjapeCg==",
			"requires": {
				"cipher-base": "^1.0.1",
				"inherits": "^2.0.1",
				"md5.js": "^1.3.4",
				"ripemd160": "^2.0.1",
				"sha.js": "^2.4.0"
			}
		},
		"create-hmac": {
			"version": "1.1.7",
			"resolved": "https://registry.npmjs.org/create-hmac/-/create-hmac-1.1.7.tgz",
			"integrity": "sha512-MJG9liiZ+ogc4TzUwuvbER1JRdgvUFSB5+VR/g5h82fGaIRWMWddtKBHi7/sVhfjQZ6SehlyhvQYrcYkaUIpLg==",
			"requires": {
				"cipher-base": "^1.0.3",
				"create-hash": "^1.1.0",
				"inherits": "^2.0.1",
				"ripemd160": "^2.0.0",
				"safe-buffer": "^5.0.1",
				"sha.js": "^2.4.8"
			}
		},
		"deep-eql": {
			"version": "3.0.1",
			"resolved": "https://registry.npmjs.org/deep-eql/-/deep-eql-3.0.1.tgz",
			"integrity": "sha512-+QeIQyN5ZuO+3Uk5DYh6/1eKO0m0YmJFGNmFHGACpf1ClL1nmlV/p4gNgbl2pJGxgXb4faqo6UE+M5ACEMyVcw==",
			"dev": true,
			"requires": {
				"type-detect": "^4.0.0"
			}
		},
		"deferred-leveldown": {
			"version": "1.2.2",
			"resolved": "https://registry.npmjs.org/deferred-leveldown/-/deferred-leveldown-1.2.2.tgz",
			"integrity": "sha512-uukrWD2bguRtXilKt6cAWKyoXrTSMo5m7crUdLfWQmu8kIm88w3QZoUL+6nhpfKVmhHANER6Re3sKoNoZ3IKMA==",
			"requires": {
				"abstract-leveldown": "~2.6.0"
			}
		},
		"drbg.js": {
			"version": "1.0.1",
			"resolved": "https://registry.npmjs.org/drbg.js/-/drbg.js-1.0.1.tgz",
			"integrity": "sha1-Pja2xCs3BDgjzbwzLVjzHiRFSAs=",
			"requires": {
				"browserify-aes": "^1.0.6",
				"create-hash": "^1.1.2",
				"create-hmac": "^1.1.4"
			}
		},
		"elliptic": {
			"version": "6.4.1",
			"resolved": "https://registry.npmjs.org/elliptic/-/elliptic-6.4.1.tgz",
			"integrity": "sha512-BsXLz5sqX8OHcsh7CqBMztyXARmGQ3LWPtGjJi6DiJHq5C/qvi9P3OqgswKSDftbu8+IoI/QDTAm2fFnQ9SZSQ==",
			"requires": {
				"bn.js": "^4.4.0",
				"brorand": "^1.0.1",
				"hash.js": "^1.0.0",
				"hmac-drbg": "^1.0.0",
				"inherits": "^2.0.1",
				"minimalistic-assert": "^1.0.0",
				"minimalistic-crypto-utils": "^1.0.0"
			}
		},
		"errno": {
			"version": "0.1.7",
			"resolved": "https://registry.npmjs.org/errno/-/errno-0.1.7.tgz",
			"integrity": "sha512-MfrRBDWzIWifgq6tJj60gkAwtLNb6sQPlcFrSOflcP1aFmmruKQ2wRnze/8V6kgyz7H3FF8Npzv78mZ7XLLflg==",
			"requires": {
				"prr": "~1.0.1"
			}
		},
		"ethereum-common": {
			"version": "0.0.18",
			"resolved": "https://registry.npmjs.org/ethereum-common/-/ethereum-common-0.0.18.tgz",
			"integrity": "sha1-L9w1dvIykDNYl26znaeDIT/5Uj8="
		},
		"ethereumjs-account": {
			"version": "2.0.5",
			"resolved": "https://registry.npmjs.org/ethereumjs-account/-/ethereumjs-account-2.0.5.tgz",
			"integrity": "sha512-bgDojnXGjhMwo6eXQC0bY6UK2liSFUSMwwylOmQvZbSl/D7NXQ3+vrGO46ZeOgjGfxXmgIeVNDIiHw7fNZM4VA==",
			"requires": {
				"ethereumjs-util": "^5.0.0",
				"rlp": "^2.0.0",
				"safe-buffer": "^5.1.1"
			}
		},
		"ethereumjs-block": {
			"version": "2.2.0",
			"resolved": "https://registry.npmjs.org/ethereumjs-block/-/ethereumjs-block-2.2.0.tgz",
			"integrity": "sha512-Ye+uG/L2wrp364Zihdlr/GfC3ft+zG8PdHcRtsBFNNH1CkOhxOwdB8friBU85n89uRZ9eIMAywCq0F4CwT1wAw==",
			"requires": {
				"async": "^2.0.1",
				"ethereumjs-common": "^1.1.0",
				"ethereumjs-tx": "^1.2.2",
				"ethereumjs-util": "^5.0.0",
				"merkle-patricia-tree": "^2.1.2"
			}
		},
		"ethereumjs-common": {
			"version": "1.1.0",
			"resolved": "https://registry.npmjs.org/ethereumjs-common/-/ethereumjs-common-1.1.0.tgz",
			"integrity": "sha512-LUmYkKV/HcZbWRyu3OU9YOevsH3VJDXtI6kEd8VZweQec+JjDGKCmAVKUyzhYUHqxRJu7JNALZ3A/b3NXOP6tA=="
		},
		"ethereumjs-tx": {
			"version": "1.3.7",
			"resolved": "https://registry.npmjs.org/ethereumjs-tx/-/ethereumjs-tx-1.3.7.tgz",
			"integrity": "sha512-wvLMxzt1RPhAQ9Yi3/HKZTn0FZYpnsmQdbKYfUUpi4j1SEIcbkd9tndVjcPrufY3V7j2IebOpC00Zp2P/Ay2kA==",
			"requires": {
				"ethereum-common": "^0.0.18",
				"ethereumjs-util": "^5.0.0"
			}
		},
		"ethereumjs-util": {
			"version": "5.2.0",
			"resolved": "https://registry.npmjs.org/ethereumjs-util/-/ethereumjs-util-5.2.0.tgz",
			"integrity": "sha512-CJAKdI0wgMbQFLlLRtZKGcy/L6pzVRgelIZqRqNbuVFM3K9VEnyfbcvz0ncWMRNCe4kaHWjwRYQcYMucmwsnWA==",
			"requires": {
				"bn.js": "^4.11.0",
				"create-hash": "^1.1.2",
				"ethjs-util": "^0.1.3",
				"keccak": "^1.0.2",
				"rlp": "^2.0.0",
				"safe-buffer": "^5.1.1",
				"secp256k1": "^3.0.1"
			}
		},
		"ethereumjs-vm": {
			"version": "2.6.0",
			"resolved": "https://registry.npmjs.org/ethereumjs-vm/-/ethereumjs-vm-2.6.0.tgz",
			"integrity": "sha512-r/XIUik/ynGbxS3y+mvGnbOKnuLo40V5Mj1J25+HEO63aWYREIqvWeRO/hnROlMBE5WoniQmPmhiaN0ctiHaXw==",
			"requires": {
				"async": "^2.1.2",
				"async-eventemitter": "^0.2.2",
				"ethereumjs-account": "^2.0.3",
				"ethereumjs-block": "~2.2.0",
				"ethereumjs-common": "^1.1.0",
				"ethereumjs-util": "^6.0.0",
				"fake-merkle-patricia-tree": "^1.0.1",
				"functional-red-black-tree": "^1.0.1",
				"merkle-patricia-tree": "^2.3.2",
				"rustbn.js": "~0.2.0",
				"safe-buffer": "^5.1.1"
			},
			"dependencies": {
				"ethereumjs-util": {
					"version": "6.1.0",
					"resolved": "https://registry.npmjs.org/ethereumjs-util/-/ethereumjs-util-6.1.0.tgz",
					"integrity": "sha512-URESKMFbDeJxnAxPppnk2fN6Y3BIatn9fwn76Lm8bQlt+s52TpG8dN9M66MLPuRAiAOIqL3dfwqWJf0sd0fL0Q==",
					"requires": {
						"bn.js": "^4.11.0",
						"create-hash": "^1.1.2",
						"ethjs-util": "0.1.6",
						"keccak": "^1.0.2",
						"rlp": "^2.0.0",
						"safe-buffer": "^5.1.1",
						"secp256k1": "^3.0.1"
					}
				}
			}
		},
		"ethers": {
			"version": "4.0.27",
			"resolved": "https://registry.npmjs.org/ethers/-/ethers-4.0.27.tgz",
			"integrity": "sha512-+DXZLP/tyFnXWxqr2fXLT67KlGUfLuvDkHSOtSC9TUVG9OIj6yrG5JPeXRMYo15xkOYwnjgdMKrXp5V94rtjJA==",
			"requires": {
				"@types/node": "^10.3.2",
				"aes-js": "3.0.0",
				"bn.js": "^4.4.0",
				"elliptic": "6.3.3",
				"hash.js": "1.1.3",
				"js-sha3": "0.5.7",
				"scrypt-js": "2.0.4",
				"setimmediate": "1.0.4",
				"uuid": "2.0.1",
				"xmlhttprequest": "1.8.0"
			},
			"dependencies": {
				"elliptic": {
					"version": "6.3.3",
					"resolved": "https://registry.npmjs.org/elliptic/-/elliptic-6.3.3.tgz",
					"integrity": "sha1-VILZZG1UvLif19mU/J4ulWiHbj8=",
					"requires": {
						"bn.js": "^4.4.0",
						"brorand": "^1.0.1",
						"hash.js": "^1.0.0",
						"inherits": "^2.0.1"
					}
				},
				"hash.js": {
					"version": "1.1.3",
					"resolved": "https://registry.npmjs.org/hash.js/-/hash.js-1.1.3.tgz",
					"integrity": "sha512-/UETyP0W22QILqS+6HowevwhEFJ3MBJnwTf75Qob9Wz9t0DPuisL8kW8YZMK62dHAKE1c1p+gY1TtOLY+USEHA==",
					"requires": {
						"inherits": "^2.0.3",
						"minimalistic-assert": "^1.0.0"
					}
				}
			}
		},
		"ethjs-util": {
			"version": "0.1.6",
			"resolved": "https://registry.npmjs.org/ethjs-util/-/ethjs-util-0.1.6.tgz",
			"integrity": "sha512-CUnVOQq7gSpDHZVVrQW8ExxUETWrnrvXYvYz55wOU8Uj4VCgw56XC2B/fVqQN+f7gmrnRHSLVnFAwsCuNwji8w==",
			"requires": {
				"is-hex-prefixed": "1.0.0",
				"strip-hex-prefix": "1.0.0"
			}
		},
		"evp_bytestokey": {
			"version": "1.0.3",
			"resolved": "https://registry.npmjs.org/evp_bytestokey/-/evp_bytestokey-1.0.3.tgz",
			"integrity": "sha512-/f2Go4TognH/KvCISP7OUsHn85hT9nUkxxA9BEWxFn+Oj9o8ZNLm/40hdlgSLyuOimsrTKLUMEorQexp/aPQeA==",
			"requires": {
				"md5.js": "^1.3.4",
				"safe-buffer": "^5.1.1"
			}
		},
		"fake-merkle-patricia-tree": {
			"version": "1.0.1",
			"resolved": "https://registry.npmjs.org/fake-merkle-patricia-tree/-/fake-merkle-patricia-tree-1.0.1.tgz",
			"integrity": "sha1-S4w6z7Ugr635hgsfFM2M40As3dM=",
			"requires": {
				"checkpoint-store": "^1.1.0"
			}
		},
		"file-uri-to-path": {
			"version": "1.0.0",
			"resolved": "https://registry.npmjs.org/file-uri-to-path/-/file-uri-to-path-1.0.0.tgz",
			"integrity": "sha512-0Zt+s3L7Vf1biwWZ29aARiVYLx7iMGnEUl9x33fbB/j3jR81u/O2LbqK+Bm1CDSNDKVtJ/YjwY7TUd5SkeLQLw=="
		},
		"functional-red-black-tree": {
			"version": "1.0.1",
			"resolved": "https://registry.npmjs.org/functional-red-black-tree/-/functional-red-black-tree-1.0.1.tgz",
			"integrity": "sha1-GwqzvVU7Kg1jmdKcDj6gslIHgyc="
		},
		"get-func-name": {
			"version": "2.0.0",
			"resolved": "https://registry.npmjs.org/get-func-name/-/get-func-name-2.0.0.tgz",
			"integrity": "sha1-6td0q+5y4gQJQzoGY2YCPdaIekE=",
			"dev": true
		},
		"hash-base": {
			"version": "3.0.4",
			"resolved": "https://registry.npmjs.org/hash-base/-/hash-base-3.0.4.tgz",
			"integrity": "sha1-X8hoaEfs1zSZQDMZprCj8/auSRg=",
			"requires": {
				"inherits": "^2.0.1",
				"safe-buffer": "^5.0.1"
			}
		},
		"hash.js": {
			"version": "1.1.7",
			"resolved": "https://registry.npmjs.org/hash.js/-/hash.js-1.1.7.tgz",
			"integrity": "sha512-taOaskGt4z4SOANNseOviYDvjEJinIkRgmp7LbKP2YTTmVxWBl87s/uzK9r+44BclBSp2X7K1hqeNfz9JbBeXA==",
			"requires": {
				"inherits": "^2.0.3",
				"minimalistic-assert": "^1.0.1"
			}
		},
		"hmac-drbg": {
			"version": "1.0.1",
			"resolved": "https://registry.npmjs.org/hmac-drbg/-/hmac-drbg-1.0.1.tgz",
			"integrity": "sha1-0nRXAQJabHdabFRXk+1QL8DGSaE=",
			"requires": {
				"hash.js": "^1.0.3",
				"minimalistic-assert": "^1.0.0",
				"minimalistic-crypto-utils": "^1.0.1"
			}
		},
		"immediate": {
			"version": "3.2.3",
			"resolved": "https://registry.npmjs.org/immediate/-/immediate-3.2.3.tgz",
			"integrity": "sha1-0UD6j2FGWb1lQSMwl92qwlzdmRw="
		},
		"inherits": {
			"version": "2.0.3",
			"resolved": "https://registry.npmjs.org/inherits/-/inherits-2.0.3.tgz",
			"integrity": "sha1-Yzwsg+PaQqUC9SRmAiSA9CCCYd4="
		},
		"is-hex-prefixed": {
			"version": "1.0.0",
			"resolved": "https://registry.npmjs.org/is-hex-prefixed/-/is-hex-prefixed-1.0.0.tgz",
			"integrity": "sha1-fY035q135dEnFIkTxXPggtd39VQ="
		},
		"isarray": {
			"version": "0.0.1",
			"resolved": "https://registry.npmjs.org/isarray/-/isarray-0.0.1.tgz",
			"integrity": "sha1-ihis/Kmo9Bd+Cav8YDiTmwXR7t8="
		},
		"js-sha3": {
			"version": "0.5.7",
			"resolved": "https://registry.npmjs.org/js-sha3/-/js-sha3-0.5.7.tgz",
			"integrity": "sha1-DU/9gALVMzqrr0oj7tL2N0yfKOc="
		},
		"keccak": {
			"version": "1.4.0",
			"resolved": "https://registry.npmjs.org/keccak/-/keccak-1.4.0.tgz",
			"integrity": "sha512-eZVaCpblK5formjPjeTBik7TAg+pqnDrMHIffSvi9Lh7PQgM1+hSzakUeZFCk9DVVG0dacZJuaz2ntwlzZUIBw==",
			"requires": {
				"bindings": "^1.2.1",
				"inherits": "^2.0.3",
				"nan": "^2.2.1",
				"safe-buffer": "^5.1.0"
			}
		},
		"level-codec": {
			"version": "7.0.1",
			"resolved": "https://registry.npmjs.org/level-codec/-/level-codec-7.0.1.tgz",
			"integrity": "sha512-Ua/R9B9r3RasXdRmOtd+t9TCOEIIlts+TN/7XTT2unhDaL6sJn83S3rUyljbr6lVtw49N3/yA0HHjpV6Kzb2aQ=="
		},
		"level-errors": {
			"version": "1.0.5",
			"resolved": "https://registry.npmjs.org/level-errors/-/level-errors-1.0.5.tgz",
			"integrity": "sha512-/cLUpQduF6bNrWuAC4pwtUKA5t669pCsCi2XbmojG2tFeOr9j6ShtdDCtFFQO1DRt+EVZhx9gPzP9G2bUaG4ig==",
			"requires": {
				"errno": "~0.1.1"
			}
		},
		"level-iterator-stream": {
			"version": "1.3.1",
			"resolved": "https://registry.npmjs.org/level-iterator-stream/-/level-iterator-stream-1.3.1.tgz",
			"integrity": "sha1-5Dt4sagUPm+pek9IXrjqUwNS8u0=",
			"requires": {
				"inherits": "^2.0.1",
				"level-errors": "^1.0.3",
				"readable-stream": "^1.0.33",
				"xtend": "^4.0.0"
			},
			"dependencies": {
				"readable-stream": {
					"version": "1.1.14",
					"resolved": "https://registry.npmjs.org/readable-stream/-/readable-stream-1.1.14.tgz",
					"integrity": "sha1-fPTFTvZI44EwhMY23SB54WbAgdk=",
					"requires": {
						"core-util-is": "~1.0.0",
						"inherits": "~2.0.1",
						"isarray": "0.0.1",
						"string_decoder": "~0.10.x"
					}
				},
				"xtend": {
					"version": "4.0.1",
					"resolved": "https://registry.npmjs.org/xtend/-/xtend-4.0.1.tgz",
					"integrity": "sha1-pcbVMr5lbiPbgg77lDofBJmNY68="
				}
			}
		},
		"level-ws": {
			"version": "0.0.0",
			"resolved": "https://registry.npmjs.org/level-ws/-/level-ws-0.0.0.tgz",
			"integrity": "sha1-Ny5RIXeSSgBCSwtDrvK7QkltIos=",
			"requires": {
				"readable-stream": "~1.0.15",
				"xtend": "~2.1.1"
			},
			"dependencies": {
				"readable-stream": {
					"version": "1.0.34",
					"resolved": "https://registry.npmjs.org/readable-stream/-/readable-stream-1.0.34.tgz",
					"integrity": "sha1-Elgg40vIQtLyqq+v5MKRbuMsFXw=",
					"requires": {
						"core-util-is": "~1.0.0",
						"inherits": "~2.0.1",
						"isarray": "0.0.1",
						"string_decoder": "~0.10.x"
					}
				}
			}
		},
		"levelup": {
			"version": "1.3.9",
			"resolved": "https://registry.npmjs.org/levelup/-/levelup-1.3.9.tgz",
			"integrity": "sha512-VVGHfKIlmw8w1XqpGOAGwq6sZm2WwWLmlDcULkKWQXEA5EopA8OBNJ2Ck2v6bdk8HeEZSbCSEgzXadyQFm76sQ==",
			"requires": {
				"deferred-leveldown": "~1.2.1",
				"level-codec": "~7.0.0",
				"level-errors": "~1.0.3",
				"level-iterator-stream": "~1.3.0",
				"prr": "~1.0.1",
				"semver": "~5.4.1",
				"xtend": "~4.0.0"
			},
			"dependencies": {
				"xtend": {
					"version": "4.0.1",
					"resolved": "https://registry.npmjs.org/xtend/-/xtend-4.0.1.tgz",
					"integrity": "sha1-pcbVMr5lbiPbgg77lDofBJmNY68="
				}
			}
		},
		"lodash": {
			"version": "4.17.11",
			"resolved": "https://registry.npmjs.org/lodash/-/lodash-4.17.11.tgz",
			"integrity": "sha512-cQKh8igo5QUhZ7lg38DYWAxMvjSAKG0A8wGSVimP07SIUEK2UO+arSRKbRZWtelMtN5V0Hkwh5ryOto/SshYIg=="
		},
		"ltgt": {
			"version": "2.2.1",
			"resolved": "https://registry.npmjs.org/ltgt/-/ltgt-2.2.1.tgz",
			"integrity": "sha1-81ypHEk/e3PaDgdJUwTxezH4fuU="
		},
		"md5.js": {
			"version": "1.3.5",
			"resolved": "https://registry.npmjs.org/md5.js/-/md5.js-1.3.5.tgz",
			"integrity": "sha512-xitP+WxNPcTTOgnTJcrhM0xvdPepipPSf3I8EIpGKeFLjt3PlJLIDG3u8EX53ZIubkb+5U2+3rELYpEhHhzdkg==",
			"requires": {
				"hash-base": "^3.0.0",
				"inherits": "^2.0.1",
				"safe-buffer": "^5.1.2"
			}
		},
		"memdown": {
			"version": "1.4.1",
			"resolved": "https://registry.npmjs.org/memdown/-/memdown-1.4.1.tgz",
			"integrity": "sha1-tOThkhdGZP+65BNhqlAPMRnv4hU=",
			"requires": {
				"abstract-leveldown": "~2.7.1",
				"functional-red-black-tree": "^1.0.1",
				"immediate": "^3.2.3",
				"inherits": "~2.0.1",
				"ltgt": "~2.2.0",
				"safe-buffer": "~5.1.1"
			},
			"dependencies": {
				"abstract-leveldown": {
					"version": "2.7.2",
					"resolved": "https://registry.npmjs.org/abstract-leveldown/-/abstract-leveldown-2.7.2.tgz",
					"integrity": "sha512-+OVvxH2rHVEhWLdbudP6p0+dNMXu8JA1CbhP19T8paTYAcX7oJ4OVjT+ZUVpv7mITxXHqDMej+GdqXBmXkw09w==",
					"requires": {
						"xtend": "~4.0.0"
					}
				},
				"xtend": {
					"version": "4.0.1",
					"resolved": "https://registry.npmjs.org/xtend/-/xtend-4.0.1.tgz",
					"integrity": "sha1-pcbVMr5lbiPbgg77lDofBJmNY68="
				}
			}
		},
		"merkle-patricia-tree": {
			"version": "2.3.2",
			"resolved": "https://registry.npmjs.org/merkle-patricia-tree/-/merkle-patricia-tree-2.3.2.tgz",
			"integrity": "sha512-81PW5m8oz/pz3GvsAwbauj7Y00rqm81Tzad77tHBwU7pIAtN+TJnMSOJhxBKflSVYhptMMb9RskhqHqrSm1V+g==",
			"requires": {
				"async": "^1.4.2",
				"ethereumjs-util": "^5.0.0",
				"level-ws": "0.0.0",
				"levelup": "^1.2.1",
				"memdown": "^1.0.0",
				"readable-stream": "^2.0.0",
				"rlp": "^2.0.0",
				"semaphore": ">=1.0.1"
			},
			"dependencies": {
				"async": {
					"version": "1.5.2",
					"resolved": "https://registry.npmjs.org/async/-/async-1.5.2.tgz",
					"integrity": "sha1-7GphrlZIDAw8skHJVhjiCJL5Zyo="
				}
			}
		},
		"minimalistic-assert": {
			"version": "1.0.1",
			"resolved": "https://registry.npmjs.org/minimalistic-assert/-/minimalistic-assert-1.0.1.tgz",
			"integrity": "sha512-UtJcAD4yEaGtjPezWuO9wC4nwUnVH/8/Im3yEHQP4b67cXlD/Qr9hdITCU1xDbSEXg2XKNaP8jsReV7vQd00/A=="
		},
		"minimalistic-crypto-utils": {
			"version": "1.0.1",
			"resolved": "https://registry.npmjs.org/minimalistic-crypto-utils/-/minimalistic-crypto-utils-1.0.1.tgz",
			"integrity": "sha1-9sAMHAsIIkblxNmd+4x8CDsrWCo="
		},
		"nan": {
			"version": "2.12.1",
			"resolved": "https://registry.npmjs.org/nan/-/nan-2.12.1.tgz",
			"integrity": "sha512-JY7V6lRkStKcKTvHO5NVSQRv+RV+FIL5pvDoLiAtSL9pKlC5x9PKQcZDsq7m4FO4d57mkhC6Z+QhAh3Jdk5JFw=="
		},
		"object-keys": {
			"version": "0.4.0",
			"resolved": "https://registry.npmjs.org/object-keys/-/object-keys-0.4.0.tgz",
			"integrity": "sha1-KKaq50KN0sOpLz2V8hM13SBOAzY="
		},
		"pathval": {
			"version": "1.1.0",
			"resolved": "https://registry.npmjs.org/pathval/-/pathval-1.1.0.tgz",
			"integrity": "sha1-uULm1L3mUwBe9rcTYd74cn0GReA=",
			"dev": true
		},
		"process-nextick-args": {
			"version": "2.0.0",
			"resolved": "https://registry.npmjs.org/process-nextick-args/-/process-nextick-args-2.0.0.tgz",
			"integrity": "sha512-MtEC1TqN0EU5nephaJ4rAtThHtC86dNN9qCuEhtshvpVBkAW5ZO7BASN9REnF9eoXGcRub+pFuKEpOHE+HbEMw=="
		},
		"prr": {
			"version": "1.0.1",
			"resolved": "https://registry.npmjs.org/prr/-/prr-1.0.1.tgz",
			"integrity": "sha1-0/wRS6BplaRexok/SEzrHXj19HY="
		},
		"readable-stream": {
			"version": "2.3.6",
			"resolved": "https://registry.npmjs.org/readable-stream/-/readable-stream-2.3.6.tgz",
			"integrity": "sha512-tQtKA9WIAhBF3+VLAseyMqZeBjW0AHJoxOtYqSUZNJxauErmLbVm2FW1y+J/YA9dUrAC39ITejlZWhVIwawkKw==",
			"requires": {
				"core-util-is": "~1.0.0",
				"inherits": "~2.0.3",
				"isarray": "~1.0.0",
				"process-nextick-args": "~2.0.0",
				"safe-buffer": "~5.1.1",
				"string_decoder": "~1.1.1",
				"util-deprecate": "~1.0.1"
			},
			"dependencies": {
				"isarray": {
					"version": "1.0.0",
					"resolved": "https://registry.npmjs.org/isarray/-/isarray-1.0.0.tgz",
					"integrity": "sha1-u5NdSFgsuhaMBoNJV6VKPgcSTxE="
				},
				"string_decoder": {
					"version": "1.1.1",
					"resolved": "https://registry.npmjs.org/string_decoder/-/string_decoder-1.1.1.tgz",
					"integrity": "sha512-n/ShnvDi6FHbbVfviro+WojiFzv+s8MPMHBczVePfUpDJLwoLT0ht1l4YwBCbi8pJAveEEdnkHyPyTP/mzRfwg==",
					"requires": {
						"safe-buffer": "~5.1.0"
					}
				}
			}
		},
		"ripemd160": {
			"version": "2.0.2",
			"resolved": "https://registry.npmjs.org/ripemd160/-/ripemd160-2.0.2.tgz",
			"integrity": "sha512-ii4iagi25WusVoiC4B4lq7pbXfAp3D9v5CwfkY33vffw2+pkDjY1D8GaN7spsxvCSx8dkPqOZCEZyfxcmJG2IA==",
			"requires": {
				"hash-base": "^3.0.0",
				"inherits": "^2.0.1"
			}
		},
		"rlp": {
			"version": "2.2.2",
			"resolved": "https://registry.npmjs.org/rlp/-/rlp-2.2.2.tgz",
			"integrity": "sha512-Ng2kJEN731Sfv4ZAY2i0ytPMc0BbJKBsVNl0QZY8LxOWSwd+1xpg+fpSRfaMn0heHU447s6Kgy8qfHZR0XTyVw==",
			"requires": {
				"bn.js": "^4.11.1",
				"safe-buffer": "^5.1.1"
			}
		},
		"rustbn.js": {
			"version": "0.2.0",
			"resolved": "https://registry.npmjs.org/rustbn.js/-/rustbn.js-0.2.0.tgz",
			"integrity": "sha512-4VlvkRUuCJvr2J6Y0ImW7NvTCriMi7ErOAqWk1y69vAdoNIzCF3yPmgeNzx+RQTLEDFq5sHfscn1MwHxP9hNfA=="
		},
		"safe-buffer": {
			"version": "5.1.2",
			"resolved": "https://registry.npmjs.org/safe-buffer/-/safe-buffer-5.1.2.tgz",
			"integrity": "sha512-Gd2UZBJDkXlY7GbJxfsE8/nvKkUEU1G38c1siN6QP6a9PT9MmHB8GnpscSmMJSoF8LOIrt8ud/wPtojys4G6+g=="
		},
		"scrypt-js": {
			"version": "2.0.4",
			"resolved": "https://registry.npmjs.org/scrypt-js/-/scrypt-js-2.0.4.tgz",
			"integrity": "sha512-4KsaGcPnuhtCZQCxFxN3GVYIhKFPTdLd8PLC552XwbMndtD0cjRFAhDuuydXQ0h08ZfPgzqe6EKHozpuH74iDw=="
		},
		"secp256k1": {
			"version": "3.6.2",
			"resolved": "https://registry.npmjs.org/secp256k1/-/secp256k1-3.6.2.tgz",
			"integrity": "sha512-90nYt7yb0LmI4A2jJs1grglkTAXrBwxYAjP9bpeKjvJKOjG2fOeH/YI/lchDMIvjrOasd5QXwvV2jwN168xNng==",
			"requires": {
				"bindings": "^1.2.1",
				"bip66": "^1.1.3",
				"bn.js": "^4.11.3",
				"create-hash": "^1.1.2",
				"drbg.js": "^1.0.1",
				"elliptic": "^6.2.3",
				"nan": "^2.2.1",
				"safe-buffer": "^5.1.0"
			}
		},
		"semaphore": {
			"version": "1.1.0",
			"resolved": "https://registry.npmjs.org/semaphore/-/semaphore-1.1.0.tgz",
			"integrity": "sha512-O4OZEaNtkMd/K0i6js9SL+gqy0ZCBMgUvlSqHKi4IBdjhe7wB8pwztUk1BbZ1fmrvpwFrPbHzqd2w5pTcJH6LA=="
		},
		"semver": {
			"version": "5.4.1",
			"resolved": "https://registry.npmjs.org/semver/-/semver-5.4.1.tgz",
			"integrity": "sha512-WfG/X9+oATh81XtllIo/I8gOiY9EXRdv1cQdyykeXK17YcUW3EXUAi2To4pcH6nZtJPr7ZOpM5OMyWJZm+8Rsg=="
		},
		"setimmediate": {
			"version": "1.0.4",
			"resolved": "https://registry.npmjs.org/setimmediate/-/setimmediate-1.0.4.tgz",
			"integrity": "sha1-IOgd5iLUoCWIzgyNqJc8vPHTE48="
		},
		"sha.js": {
			"version": "2.4.11",
			"resolved": "https://registry.npmjs.org/sha.js/-/sha.js-2.4.11.tgz",
			"integrity": "sha512-QMEp5B7cftE7APOjk5Y6xgrbWu+WkLVQwk8JNjZ8nKRciZaByEW6MubieAiToS7+dwvrjGhH8jRXz3MVd0AYqQ==",
			"requires": {
				"inherits": "^2.0.1",
				"safe-buffer": "^5.0.1"
			}
		},
		"string_decoder": {
			"version": "0.10.31",
			"resolved": "https://registry.npmjs.org/string_decoder/-/string_decoder-0.10.31.tgz",
			"integrity": "sha1-YuIDvEF2bGwoyfyEMB2rHFMQ+pQ="
		},
		"strip-hex-prefix": {
			"version": "1.0.0",
			"resolved": "https://registry.npmjs.org/strip-hex-prefix/-/strip-hex-prefix-1.0.0.tgz",
			"integrity": "sha1-DF8VX+8RUTczd96du1iNoFUA428=",
			"requires": {
				"is-hex-prefixed": "1.0.0"
			}
		},
		"type-detect": {
			"version": "4.0.8",
			"resolved": "https://registry.npmjs.org/type-detect/-/type-detect-4.0.8.tgz",
			"integrity": "sha512-0fr/mIH1dlO+x7TlcMy+bIDqKPsw/70tVyeHW787goQjhmqaZe10uwLujubK9q9Lg6Fiho1KUKDYz0Z7k7g5/g==",
			"dev": true
		},
		"util-deprecate": {
			"version": "1.0.2",
			"resolved": "https://registry.npmjs.org/util-deprecate/-/util-deprecate-1.0.2.tgz",
			"integrity": "sha1-RQ1Nyfpw3nMnYvvS1KKJgUGaDM8="
		},
		"uuid": {
			"version": "2.0.1",
			"resolved": "https://registry.npmjs.org/uuid/-/uuid-2.0.1.tgz",
			"integrity": "sha1-wqMN7bPlNdcsz4LjQ5QaULqFM6w="
		},
		"xmlhttprequest": {
			"version": "1.8.0",
			"resolved": "https://registry.npmjs.org/xmlhttprequest/-/xmlhttprequest-1.8.0.tgz",
			"integrity": "sha1-Z/4HXFwk/vOfnWX197f+dRcZaPw="
		},
		"xtend": {
			"version": "2.1.2",
			"resolved": "https://registry.npmjs.org/xtend/-/xtend-2.1.2.tgz",
			"integrity": "sha1-bv7MKk2tjmlixJAbM3znuoe10os=",
			"requires": {
				"object-keys": "~0.4.0"
			}
		}
	}
}
